// !$*UTF8*$!
{
	archiveVersion = 1;
	classes = {
	};
	objectVersion = 50;
	objects = {

/* Begin PBXBuildFile section */
		2607A93F20C5D9A4002B6A4F /* find.mp3 in Resources */ = {isa = PBXBuildFile; fileRef = 2607A94120C5D9A4002B6A4F /* find.mp3 */; };
		2607A94320C5DB62002B6A4F /* strawberry_desc.mp3 in Resources */ = {isa = PBXBuildFile; fileRef = 2607A94520C5DB62002B6A4F /* strawberry_desc.mp3 */; };
		2607A94720C5DCC2002B6A4F /* broccoli_desc.mp3 in Resources */ = {isa = PBXBuildFile; fileRef = 2607A94920C5DCC2002B6A4F /* broccoli_desc.mp3 */; };
		2607A94D20C5DD76002B6A4F /* bellPepper_desc.mp3 in Resources */ = {isa = PBXBuildFile; fileRef = 2607A94F20C5DD76002B6A4F /* bellPepper_desc.mp3 */; };
		2607A95120C5DEA5002B6A4F /* pineapple_desc.mp3 in Resources */ = {isa = PBXBuildFile; fileRef = 2607A95320C5DEA5002B6A4F /* pineapple_desc.mp3 */; };
		2607A95520C5DFF0002B6A4F /* apple_desc.mp3 in Resources */ = {isa = PBXBuildFile; fileRef = 2607A95720C5DFF0002B6A4F /* apple_desc.mp3 */; };
		2607A95920C5E107002B6A4F /* lemon_desc.mp3 in Resources */ = {isa = PBXBuildFile; fileRef = 2607A95B20C5E107002B6A4F /* lemon_desc.mp3 */; };
		2607A95D20C5E170002B6A4F /* cucumber_desc.mp3 in Resources */ = {isa = PBXBuildFile; fileRef = 2607A95F20C5E170002B6A4F /* cucumber_desc.mp3 */; };
		2607A96120C5E1FF002B6A4F /* cauliflower_desc.mp3 in Resources */ = {isa = PBXBuildFile; fileRef = 2607A96320C5E1FF002B6A4F /* cauliflower_desc.mp3 */; };
		2607A96520C5E28C002B6A4F /* cabbage_desc.mp3 in Resources */ = {isa = PBXBuildFile; fileRef = 2607A96720C5E28C002B6A4F /* cabbage_desc.mp3 */; };
		2607A96920C5E324002B6A4F /* orange_desc.mp3 in Resources */ = {isa = PBXBuildFile; fileRef = 2607A96B20C5E324002B6A4F /* orange_desc.mp3 */; };
		2607A96D20C5E3B9002B6A4F /* pomegranate_desc.mp3 in Resources */ = {isa = PBXBuildFile; fileRef = 2607A96F20C5E3B9002B6A4F /* pomegranate_desc.mp3 */; };
		2607A97820C5E569002B6A4F /* banana_desc.mp3 in Resources */ = {isa = PBXBuildFile; fileRef = 2607A97A20C5E569002B6A4F /* banana_desc.mp3 */; };
		2607A97C20C5E6C5002B6A4F /* oops.mp3 in Resources */ = {isa = PBXBuildFile; fileRef = 2607A97E20C5E6C5002B6A4F /* oops.mp3 */; };
		26109E3720875CE600038E4F /* SettingsViewController.swift in Sources */ = {isa = PBXBuildFile; fileRef = 26109E3620875CE600038E4F /* SettingsViewController.swift */; };
		26109E3920875DFF00038E4F /* GameSettingsViewController.swift in Sources */ = {isa = PBXBuildFile; fileRef = 26109E3820875DFF00038E4F /* GameSettingsViewController.swift */; };
		26109E3E208767C700038E4F /* ObjectsListsTableViewCell.swift in Sources */ = {isa = PBXBuildFile; fileRef = 26109E3D208767C700038E4F /* ObjectsListsTableViewCell.swift */; };
		26109E4220879B6700038E4F /* CoreDataManager.swift in Sources */ = {isa = PBXBuildFile; fileRef = 26109E4120879B6700038E4F /* CoreDataManager.swift */; };
		26109E442087C97800038E4F /* Extensions.swift in Sources */ = {isa = PBXBuildFile; fileRef = 26109E432087C97800038E4F /* Extensions.swift */; };
		26109E482088658600038E4F /* ObjectsListsViewController.swift in Sources */ = {isa = PBXBuildFile; fileRef = 26109E472088658600038E4F /* ObjectsListsViewController.swift */; };
		26109E4A2088727400038E4F /* HelpViewController.swift in Sources */ = {isa = PBXBuildFile; fileRef = 26109E492088727400038E4F /* HelpViewController.swift */; };
		26109E4C2088875B00038E4F /* GameOverViewController.swift in Sources */ = {isa = PBXBuildFile; fileRef = 26109E4B2088875B00038E4F /* GameOverViewController.swift */; };
		26109E50208891B700038E4F /* chair_desc.mp3 in Resources */ = {isa = PBXBuildFile; fileRef = 26109E4F208891B700038E4F /* chair_desc.mp3 */; };
		26109E52208891F800038E4F /* computer_desc.mp3 in Resources */ = {isa = PBXBuildFile; fileRef = 26109E51208891F800038E4F /* computer_desc.mp3 */; };
		26109E542088926A00038E4F /* table_desc.mp3 in Resources */ = {isa = PBXBuildFile; fileRef = 26109E532088926A00038E4F /* table_desc.mp3 */; };
		26109E56208892E200038E4F /* cup_desc.mp3 in Resources */ = {isa = PBXBuildFile; fileRef = 26109E55208892E200038E4F /* cup_desc.mp3 */; };
		2623F43F20AED24900C0F1F4 /* bellPepper.mp3 in Resources */ = {isa = PBXBuildFile; fileRef = 2623F44120AED24900C0F1F4 /* bellPepper.mp3 */; };
		2623F44320AED31100C0F1F4 /* broccoli.mp3 in Resources */ = {isa = PBXBuildFile; fileRef = 2623F44520AED31100C0F1F4 /* broccoli.mp3 */; };
		2623F44720AED34800C0F1F4 /* cauliflower.mp3 in Resources */ = {isa = PBXBuildFile; fileRef = 2623F44920AED34800C0F1F4 /* cauliflower.mp3 */; };
		2623F44B20AED54E00C0F1F4 /* cabbage.mp3 in Resources */ = {isa = PBXBuildFile; fileRef = 2623F44D20AED54E00C0F1F4 /* cabbage.mp3 */; };
		2623F44F20AEDE2500C0F1F4 /* cucumber.mp3 in Resources */ = {isa = PBXBuildFile; fileRef = 2623F45120AEDE2500C0F1F4 /* cucumber.mp3 */; };
		2623F45320AEDE3400C0F1F4 /* lemon.mp3 in Resources */ = {isa = PBXBuildFile; fileRef = 2623F45520AEDE3400C0F1F4 /* lemon.mp3 */; };
		2623F45720AEDEA000C0F1F4 /* orange.mp3 in Resources */ = {isa = PBXBuildFile; fileRef = 2623F45920AEDEA000C0F1F4 /* orange.mp3 */; };
		2623F45B20AEDF2500C0F1F4 /* pineapple.mp3 in Resources */ = {isa = PBXBuildFile; fileRef = 2623F45D20AEDF2500C0F1F4 /* pineapple.mp3 */; };
		2623F45F20AEDF8600C0F1F4 /* strawberry.mp3 in Resources */ = {isa = PBXBuildFile; fileRef = 2623F46120AEDF8600C0F1F4 /* strawberry.mp3 */; };
		262C30F220909B21008BF588 /* AboutViewController.swift in Sources */ = {isa = PBXBuildFile; fileRef = 262C30F120909B21008BF588 /* AboutViewController.swift */; };
		262C30F420909E3E008BF588 /* ReadViewController.swift in Sources */ = {isa = PBXBuildFile; fileRef = 262C30F320909E3E008BF588 /* ReadViewController.swift */; };
		262C30F82090AA1E008BF588 /* TestViewController.swift in Sources */ = {isa = PBXBuildFile; fileRef = 262C30F72090AA1E008BF588 /* TestViewController.swift */; };
		263602ED209C96FD00A7E3ED /* main_theme.mp3 in Resources */ = {isa = PBXBuildFile; fileRef = 263602EC209C96FD00A7E3ED /* main_theme.mp3 */; };
		264AE66920BAF90300982585 /* click.mp3 in Resources */ = {isa = PBXBuildFile; fileRef = 264AE66820BAF90300982585 /* click.mp3 */; };
		265006EC20B5D283000735E6 /* MobileNets.mlmodel in Sources */ = {isa = PBXBuildFile; fileRef = 265006EB20B5D283000735E6 /* MobileNets.mlmodel */; };
		266503832085F13300947473 /* GameTypeViewController.swift in Sources */ = {isa = PBXBuildFile; fileRef = 266503822085F13300947473 /* GameTypeViewController.swift */; };
		2665038520860B9000947473 /* LearnViewController.swift in Sources */ = {isa = PBXBuildFile; fileRef = 2665038420860B9000947473 /* LearnViewController.swift */; };
		2665038720860BC800947473 /* VideoCapture.swift in Sources */ = {isa = PBXBuildFile; fileRef = 2665038620860BC800947473 /* VideoCapture.swift */; };
		2665038920860C0B00947473 /* MobileNet.mlmodel in Sources */ = {isa = PBXBuildFile; fileRef = 2665038820860C0B00947473 /* MobileNet.mlmodel */; };
		2665038B20862B0100947473 /* noticed.mp3 in Resources */ = {isa = PBXBuildFile; fileRef = 2665038A20862B0100947473 /* noticed.mp3 */; };
		2665038D20862B4F00947473 /* Constants.swift in Sources */ = {isa = PBXBuildFile; fileRef = 2665038C20862B4F00947473 /* Constants.swift */; };
		2665039020862D2600947473 /* VoiceAssistant.swift in Sources */ = {isa = PBXBuildFile; fileRef = 2665038F20862D2600947473 /* VoiceAssistant.swift */; };
		2665039220862E4F00947473 /* ObjectRecognition.swift in Sources */ = {isa = PBXBuildFile; fileRef = 2665039120862E4E00947473 /* ObjectRecognition.swift */; };
		26650394208636B100947473 /* LearnProcessor.swift in Sources */ = {isa = PBXBuildFile; fileRef = 26650393208636B100947473 /* LearnProcessor.swift */; };
		2678900D2088DA7B00D8CA0C /* SoundSettingsViewController.swift in Sources */ = {isa = PBXBuildFile; fileRef = 2678900C2088DA7B00D8CA0C /* SoundSettingsViewController.swift */; };
		26A82C12208B46D8009ACE8C /* ScanViewController.swift in Sources */ = {isa = PBXBuildFile; fileRef = 26A82C11208B46D8009ACE8C /* ScanViewController.swift */; };
		26A82C14208B73C7009ACE8C /* ScanProcessor.swift in Sources */ = {isa = PBXBuildFile; fileRef = 26A82C13208B73C7009ACE8C /* ScanProcessor.swift */; };
		26BCCF0220A2FF830027DEA4 /* Music.swift in Sources */ = {isa = PBXBuildFile; fileRef = 26BCCF0120A2FF830027DEA4 /* Music.swift */; };
		26BCCF0420A43C580027DEA4 /* TutorialViewController.swift in Sources */ = {isa = PBXBuildFile; fileRef = 26BCCF0320A43C580027DEA4 /* TutorialViewController.swift */; };
		26BCCF0620A4DC460027DEA4 /* Helpers.swift in Sources */ = {isa = PBXBuildFile; fileRef = 26BCCF0520A4DC460027DEA4 /* Helpers.swift */; };
		26BCCF4120A580E20027DEA4 /* sweatshirt.mp3 in Resources */ = {isa = PBXBuildFile; fileRef = 26BCCF3420A580E00027DEA4 /* sweatshirt.mp3 */; };
		26BCCF4220A580E20027DEA4 /* jeans.mp3 in Resources */ = {isa = PBXBuildFile; fileRef = 26BCCF3520A580E00027DEA4 /* jeans.mp3 */; };
		26BCCF4320A580E20027DEA4 /* skirt.mp3 in Resources */ = {isa = PBXBuildFile; fileRef = 26BCCF3620A580E10027DEA4 /* skirt.mp3 */; };
		26BCCF4420A580E20027DEA4 /* suit.mp3 in Resources */ = {isa = PBXBuildFile; fileRef = 26BCCF3720A580E10027DEA4 /* suit.mp3 */; };
		26BCCF4520A580E20027DEA4 /* hat.mp3 in Resources */ = {isa = PBXBuildFile; fileRef = 26BCCF3820A580E10027DEA4 /* hat.mp3 */; };
		26BCCF4620A580E20027DEA4 /* bra.mp3 in Resources */ = {isa = PBXBuildFile; fileRef = 26BCCF3920A580E10027DEA4 /* bra.mp3 */; };
		26BCCF4720A580E20027DEA4 /* shoes.mp3 in Resources */ = {isa = PBXBuildFile; fileRef = 26BCCF3A20A580E10027DEA4 /* shoes.mp3 */; };
		26BCCF4820A580E20027DEA4 /* sock.mp3 in Resources */ = {isa = PBXBuildFile; fileRef = 26BCCF3B20A580E10027DEA4 /* sock.mp3 */; };
		26BCCF4920A580E20027DEA4 /* tShirt.mp3 in Resources */ = {isa = PBXBuildFile; fileRef = 26BCCF3C20A580E10027DEA4 /* tShirt.mp3 */; };
		26BCCF4A20A580E20027DEA4 /* coat.mp3 in Resources */ = {isa = PBXBuildFile; fileRef = 26BCCF3D20A580E20027DEA4 /* coat.mp3 */; };
		26BCCF4B20A580E20027DEA4 /* kimono.mp3 in Resources */ = {isa = PBXBuildFile; fileRef = 26BCCF3E20A580E20027DEA4 /* kimono.mp3 */; };
		26BCCF4C20A580E20027DEA4 /* sandals.mp3 in Resources */ = {isa = PBXBuildFile; fileRef = 26BCCF3F20A580E20027DEA4 /* sandals.mp3 */; };
		26BCCF4D20A580E20027DEA4 /* laboratoryCoat.mp3 in Resources */ = {isa = PBXBuildFile; fileRef = 26BCCF4020A580E20027DEA4 /* laboratoryCoat.mp3 */; };
		26BCCF5620A587D50027DEA4 /* plate.mp3 in Resources */ = {isa = PBXBuildFile; fileRef = 26BCCF4F20A587D40027DEA4 /* plate.mp3 */; };
		26BCCF5720A587D50027DEA4 /* corkscrew.mp3 in Resources */ = {isa = PBXBuildFile; fileRef = 26BCCF5020A587D40027DEA4 /* corkscrew.mp3 */; };
		26BCCF5820A587D50027DEA4 /* glass.mp3 in Resources */ = {isa = PBXBuildFile; fileRef = 26BCCF5120A587D50027DEA4 /* glass.mp3 */; };
		26BCCF5920A587D50027DEA4 /* jug.mp3 in Resources */ = {isa = PBXBuildFile; fileRef = 26BCCF5220A587D50027DEA4 /* jug.mp3 */; };
		26BCCF5A20A587D50027DEA4 /* ladle.mp3 in Resources */ = {isa = PBXBuildFile; fileRef = 26BCCF5320A587D50027DEA4 /* ladle.mp3 */; };
		26BCCF5B20A587D50027DEA4 /* fryingPan.mp3 in Resources */ = {isa = PBXBuildFile; fileRef = 26BCCF5420A587D50027DEA4 /* fryingPan.mp3 */; };
		26BCCF5C20A587D50027DEA4 /* stove.mp3 in Resources */ = {isa = PBXBuildFile; fileRef = 26BCCF5520A587D50027DEA4 /* stove.mp3 */; };
		26BCCF6120AEC83C0027DEA4 /* pomegranate.mp3 in Resources */ = {isa = PBXBuildFile; fileRef = 26BCCF6320AEC83C0027DEA4 /* pomegranate.mp3 */; };
		26BCCF6520AEC85F0027DEA4 /* apple.mp3 in Resources */ = {isa = PBXBuildFile; fileRef = 26BCCF6720AEC85F0027DEA4 /* apple.mp3 */; };
		26BCCF6920AECC480027DEA4 /* banana.mp3 in Resources */ = {isa = PBXBuildFile; fileRef = 26BCCF6B20AECC480027DEA4 /* banana.mp3 */; };
		26CF16B32089069600775B7A /* chair.mp3 in Resources */ = {isa = PBXBuildFile; fileRef = 26CF16AD2089069500775B7A /* chair.mp3 */; };
		26CF16B62089069600775B7A /* table.mp3 in Resources */ = {isa = PBXBuildFile; fileRef = 26CF16B02089069600775B7A /* table.mp3 */; };
		26CF16B82089069600775B7A /* cup.mp3 in Resources */ = {isa = PBXBuildFile; fileRef = 26CF16B22089069600775B7A /* cup.mp3 */; };
		26CF16BC20892C2300775B7A /* match.mp3 in Resources */ = {isa = PBXBuildFile; fileRef = 26CF16BB20892C2200775B7A /* match.mp3 */; };
		26CF16BE2089325900775B7A /* MatchViewController.swift in Sources */ = {isa = PBXBuildFile; fileRef = 26CF16BD2089325900775B7A /* MatchViewController.swift */; };
		26CF16C02089D17700775B7A /* computer_info_0.mp3 in Resources */ = {isa = PBXBuildFile; fileRef = 26CF16BF2089D17700775B7A /* computer_info_0.mp3 */; };
		26CF16C22089DEC000775B7A /* computer_info_1.mp3 in Resources */ = {isa = PBXBuildFile; fileRef = 26CF16C12089DEC000775B7A /* computer_info_1.mp3 */; };
		26CF16C42089E09300775B7A /* cup_info_0.mp3 in Resources */ = {isa = PBXBuildFile; fileRef = 26CF16C32089E09300775B7A /* cup_info_0.mp3 */; };
		26CF16CA2089E9E100775B7A /* table_oops.mp3 in Resources */ = {isa = PBXBuildFile; fileRef = 26CF16C92089E9E100775B7A /* table_oops.mp3 */; };
		26CF16D02089EBE800775B7A /* computer_oops.mp3 in Resources */ = {isa = PBXBuildFile; fileRef = 26CF16CB2089EBE700775B7A /* computer_oops.mp3 */; };
		26CF16D12089EBE800775B7A /* banana_oops.mp3 in Resources */ = {isa = PBXBuildFile; fileRef = 26CF16CC2089EBE700775B7A /* banana_oops.mp3 */; };
		26CF16D22089EBE800775B7A /* apple_oops.mp3 in Resources */ = {isa = PBXBuildFile; fileRef = 26CF16CD2089EBE700775B7A /* apple_oops.mp3 */; };
		26CF16D32089EBE800775B7A /* cup_oops.mp3 in Resources */ = {isa = PBXBuildFile; fileRef = 26CF16CE2089EBE700775B7A /* cup_oops.mp3 */; };
		26CF16D42089EBE800775B7A /* chair_oops.mp3 in Resources */ = {isa = PBXBuildFile; fileRef = 26CF16CF2089EBE700775B7A /* chair_oops.mp3 */; };
		26E035512085DF4400832BDF /* Localizable.strings in Resources */ = {isa = PBXBuildFile; fileRef = 26E035532085DF4400832BDF /* Localizable.strings */; };
		26E87728209B42F9006553EB /* title.mp3 in Resources */ = {isa = PBXBuildFile; fileRef = 26E87727209B42F9006553EB /* title.mp3 */; };
		26E8772A209B6F17006553EB /* LibraryViewController.swift in Sources */ = {isa = PBXBuildFile; fileRef = 26E87729209B6F17006553EB /* LibraryViewController.swift */; };
		26E8772C209B7025006553EB /* LibraryCollectionViewCell.swift in Sources */ = {isa = PBXBuildFile; fileRef = 26E8772B209B7025006553EB /* LibraryCollectionViewCell.swift */; };
		26EED6F720AEEDDD00B5EF57 /* computer.mp3 in Resources */ = {isa = PBXBuildFile; fileRef = 26EED6F920AEEDDD00B5EF57 /* computer.mp3 */; };
		26EED6FB20AEEDE300B5EF57 /* cellphone.mp3 in Resources */ = {isa = PBXBuildFile; fileRef = 26EED6FD20AEEDE300B5EF57 /* cellphone.mp3 */; };
		26EED6FF20AEEDE800B5EF57 /* fan.mp3 in Resources */ = {isa = PBXBuildFile; fileRef = 26EED70120AEEDE800B5EF57 /* fan.mp3 */; };
		26EED70320AEEDED00B5EF57 /* hairDryer.mp3 in Resources */ = {isa = PBXBuildFile; fileRef = 26EED70520AEEDED00B5EF57 /* hairDryer.mp3 */; };
		26EED70720AEEDF300B5EF57 /* homeTheater.mp3 in Resources */ = {isa = PBXBuildFile; fileRef = 26EED70920AEEDF300B5EF57 /* homeTheater.mp3 */; };
		26EED70B20AEEDF800B5EF57 /* iron.mp3 in Resources */ = {isa = PBXBuildFile; fileRef = 26EED70D20AEEDF800B5EF57 /* iron.mp3 */; };
		26EED70F20AEEDFC00B5EF57 /* lamp.mp3 in Resources */ = {isa = PBXBuildFile; fileRef = 26EED71120AEEDFC00B5EF57 /* lamp.mp3 */; };
		26EED71320AEEE0100B5EF57 /* microwave.mp3 in Resources */ = {isa = PBXBuildFile; fileRef = 26EED71520AEEE0100B5EF57 /* microwave.mp3 */; };
		26EED71720AEEE0400B5EF57 /* refrigerator.mp3 in Resources */ = {isa = PBXBuildFile; fileRef = 26EED71920AEEE0400B5EF57 /* refrigerator.mp3 */; };
		26EED71B20AEEE0800B5EF57 /* toaster.mp3 in Resources */ = {isa = PBXBuildFile; fileRef = 26EED71D20AEEE0800B5EF57 /* toaster.mp3 */; };
		26EED71F20AEEE0C00B5EF57 /* tv.mp3 in Resources */ = {isa = PBXBuildFile; fileRef = 26EED72120AEEE0C00B5EF57 /* tv.mp3 */; };
		26EED72320AEEE1200B5EF57 /* vacuum.mp3 in Resources */ = {isa = PBXBuildFile; fileRef = 26EED72520AEEE1200B5EF57 /* vacuum.mp3 */; };
		26EED72720AEEE1800B5EF57 /* washingMachine.mp3 in Resources */ = {isa = PBXBuildFile; fileRef = 26EED72920AEEE1800B5EF57 /* washingMachine.mp3 */; };
		26F8723720851AAA004A9CC0 /* AppDelegate.swift in Sources */ = {isa = PBXBuildFile; fileRef = 26F8723620851AAA004A9CC0 /* AppDelegate.swift */; };
		26F8723920851AAA004A9CC0 /* RootViewController.swift in Sources */ = {isa = PBXBuildFile; fileRef = 26F8723820851AAA004A9CC0 /* RootViewController.swift */; };
		26F8723C20851AAA004A9CC0 /* Main.storyboard in Resources */ = {isa = PBXBuildFile; fileRef = 26F8723A20851AAA004A9CC0 /* Main.storyboard */; };
		26F8723F20851AAA004A9CC0 /* InFocusGame.xcdatamodeld in Sources */ = {isa = PBXBuildFile; fileRef = 26F8723D20851AAA004A9CC0 /* InFocusGame.xcdatamodeld */; };
		26F8724120851AAC004A9CC0 /* Assets.xcassets in Resources */ = {isa = PBXBuildFile; fileRef = 26F8724020851AAC004A9CC0 /* Assets.xcassets */; };
		26F8724420851AAC004A9CC0 /* LaunchScreen.storyboard in Resources */ = {isa = PBXBuildFile; fileRef = 26F8724220851AAC004A9CC0 /* LaunchScreen.storyboard */; };
		26F8724F20851AAC004A9CC0 /* InFocusGameTests.swift in Sources */ = {isa = PBXBuildFile; fileRef = 26F8724E20851AAC004A9CC0 /* InFocusGameTests.swift */; };
		26F8725A20851AAC004A9CC0 /* InFocusGameUITests.swift in Sources */ = {isa = PBXBuildFile; fileRef = 26F8725920851AAC004A9CC0 /* InFocusGameUITests.swift */; };
/* End PBXBuildFile section */

/* Begin PBXContainerItemProxy section */
		26F8724B20851AAC004A9CC0 /* PBXContainerItemProxy */ = {
			isa = PBXContainerItemProxy;
			containerPortal = 26F8722B20851AAA004A9CC0 /* Project object */;
			proxyType = 1;
			remoteGlobalIDString = 26F8723220851AAA004A9CC0;
			remoteInfo = InFocusGame;
		};
		26F8725620851AAC004A9CC0 /* PBXContainerItemProxy */ = {
			isa = PBXContainerItemProxy;
			containerPortal = 26F8722B20851AAA004A9CC0 /* Project object */;
			proxyType = 1;
			remoteGlobalIDString = 26F8723220851AAA004A9CC0;
			remoteInfo = InFocusGame;
		};
/* End PBXContainerItemProxy section */

/* Begin PBXFileReference section */
		2607A94020C5D9A4002B6A4F /* Base */ = {isa = PBXFileReference; lastKnownFileType = audio.mp3; name = Base; path = Base.lproj/find.mp3; sourceTree = "<group>"; };
		2607A94220C5D9A7002B6A4F /* ru */ = {isa = PBXFileReference; lastKnownFileType = audio.mp3; name = ru; path = ru.lproj/find.mp3; sourceTree = "<group>"; };
		2607A94420C5DB62002B6A4F /* Base */ = {isa = PBXFileReference; lastKnownFileType = audio.mp3; name = Base; path = Base.lproj/strawberry_desc.mp3; sourceTree = "<group>"; };
		2607A94620C5DB64002B6A4F /* ru */ = {isa = PBXFileReference; lastKnownFileType = audio.mp3; name = ru; path = ru.lproj/strawberry_desc.mp3; sourceTree = "<group>"; };
		2607A94820C5DCC2002B6A4F /* Base */ = {isa = PBXFileReference; lastKnownFileType = audio.mp3; name = Base; path = Base.lproj/broccoli_desc.mp3; sourceTree = "<group>"; };
		2607A94A20C5DCC3002B6A4F /* ru */ = {isa = PBXFileReference; lastKnownFileType = audio.mp3; name = ru; path = ru.lproj/broccoli_desc.mp3; sourceTree = "<group>"; };
		2607A94E20C5DD76002B6A4F /* Base */ = {isa = PBXFileReference; lastKnownFileType = audio.mp3; name = Base; path = Base.lproj/bellPepper_desc.mp3; sourceTree = "<group>"; };
		2607A95020C5DD79002B6A4F /* ru */ = {isa = PBXFileReference; lastKnownFileType = audio.mp3; name = ru; path = ru.lproj/bellPepper_desc.mp3; sourceTree = "<group>"; };
		2607A95220C5DEA5002B6A4F /* Base */ = {isa = PBXFileReference; lastKnownFileType = audio.mp3; name = Base; path = Base.lproj/pineapple_desc.mp3; sourceTree = "<group>"; };
		2607A95420C5DEA6002B6A4F /* ru */ = {isa = PBXFileReference; lastKnownFileType = audio.mp3; name = ru; path = ru.lproj/pineapple_desc.mp3; sourceTree = "<group>"; };
		2607A95620C5DFF0002B6A4F /* Base */ = {isa = PBXFileReference; lastKnownFileType = audio.mp3; name = Base; path = Base.lproj/apple_desc.mp3; sourceTree = "<group>"; };
		2607A95820C5DFF1002B6A4F /* ru */ = {isa = PBXFileReference; lastKnownFileType = audio.mp3; name = ru; path = ru.lproj/apple_desc.mp3; sourceTree = "<group>"; };
		2607A95A20C5E107002B6A4F /* Base */ = {isa = PBXFileReference; lastKnownFileType = audio.mp3; name = Base; path = Base.lproj/lemon_desc.mp3; sourceTree = "<group>"; };
		2607A95C20C5E108002B6A4F /* ru */ = {isa = PBXFileReference; lastKnownFileType = audio.mp3; name = ru; path = ru.lproj/lemon_desc.mp3; sourceTree = "<group>"; };
		2607A95E20C5E170002B6A4F /* Base */ = {isa = PBXFileReference; lastKnownFileType = audio.mp3; name = Base; path = Base.lproj/cucumber_desc.mp3; sourceTree = "<group>"; };
		2607A96020C5E171002B6A4F /* ru */ = {isa = PBXFileReference; lastKnownFileType = audio.mp3; name = ru; path = ru.lproj/cucumber_desc.mp3; sourceTree = "<group>"; };
		2607A96220C5E1FF002B6A4F /* Base */ = {isa = PBXFileReference; lastKnownFileType = audio.mp3; name = Base; path = Base.lproj/cauliflower_desc.mp3; sourceTree = "<group>"; };
		2607A96420C5E200002B6A4F /* ru */ = {isa = PBXFileReference; lastKnownFileType = audio.mp3; name = ru; path = ru.lproj/cauliflower_desc.mp3; sourceTree = "<group>"; };
		2607A96620C5E28C002B6A4F /* Base */ = {isa = PBXFileReference; lastKnownFileType = audio.mp3; name = Base; path = Base.lproj/cabbage_desc.mp3; sourceTree = "<group>"; };
		2607A96820C5E28C002B6A4F /* ru */ = {isa = PBXFileReference; lastKnownFileType = audio.mp3; name = ru; path = ru.lproj/cabbage_desc.mp3; sourceTree = "<group>"; };
		2607A96A20C5E324002B6A4F /* Base */ = {isa = PBXFileReference; lastKnownFileType = audio.mp3; name = Base; path = Base.lproj/orange_desc.mp3; sourceTree = "<group>"; };
		2607A96C20C5E325002B6A4F /* ru */ = {isa = PBXFileReference; lastKnownFileType = audio.mp3; name = ru; path = ru.lproj/orange_desc.mp3; sourceTree = "<group>"; };
		2607A96E20C5E3B9002B6A4F /* Base */ = {isa = PBXFileReference; lastKnownFileType = audio.mp3; name = Base; path = Base.lproj/pomegranate_desc.mp3; sourceTree = "<group>"; };
		2607A97020C5E3BA002B6A4F /* ru */ = {isa = PBXFileReference; lastKnownFileType = audio.mp3; name = ru; path = ru.lproj/pomegranate_desc.mp3; sourceTree = "<group>"; };
		2607A97920C5E569002B6A4F /* Base */ = {isa = PBXFileReference; lastKnownFileType = audio.mp3; name = Base; path = Base.lproj/banana_desc.mp3; sourceTree = "<group>"; };
		2607A97B20C5E56F002B6A4F /* ru */ = {isa = PBXFileReference; lastKnownFileType = audio.mp3; name = ru; path = ru.lproj/banana_desc.mp3; sourceTree = "<group>"; };
		2607A97D20C5E6C5002B6A4F /* Base */ = {isa = PBXFileReference; lastKnownFileType = audio.mp3; name = Base; path = Base.lproj/oops.mp3; sourceTree = "<group>"; };
		2607A97F20C5E6C6002B6A4F /* ru */ = {isa = PBXFileReference; lastKnownFileType = audio.mp3; name = ru; path = ru.lproj/oops.mp3; sourceTree = "<group>"; };
		26109E3620875CE600038E4F /* SettingsViewController.swift */ = {isa = PBXFileReference; lastKnownFileType = sourcecode.swift; path = SettingsViewController.swift; sourceTree = "<group>"; };
		26109E3820875DFF00038E4F /* GameSettingsViewController.swift */ = {isa = PBXFileReference; lastKnownFileType = sourcecode.swift; path = GameSettingsViewController.swift; sourceTree = "<group>"; };
		26109E3D208767C700038E4F /* ObjectsListsTableViewCell.swift */ = {isa = PBXFileReference; lastKnownFileType = sourcecode.swift; path = ObjectsListsTableViewCell.swift; sourceTree = "<group>"; };
		26109E4120879B6700038E4F /* CoreDataManager.swift */ = {isa = PBXFileReference; lastKnownFileType = sourcecode.swift; path = CoreDataManager.swift; sourceTree = "<group>"; };
		26109E432087C97800038E4F /* Extensions.swift */ = {isa = PBXFileReference; lastKnownFileType = sourcecode.swift; path = Extensions.swift; sourceTree = "<group>"; };
		26109E472088658600038E4F /* ObjectsListsViewController.swift */ = {isa = PBXFileReference; lastKnownFileType = sourcecode.swift; path = ObjectsListsViewController.swift; sourceTree = "<group>"; };
		26109E492088727400038E4F /* HelpViewController.swift */ = {isa = PBXFileReference; lastKnownFileType = sourcecode.swift; path = HelpViewController.swift; sourceTree = "<group>"; };
		26109E4B2088875B00038E4F /* GameOverViewController.swift */ = {isa = PBXFileReference; lastKnownFileType = sourcecode.swift; path = GameOverViewController.swift; sourceTree = "<group>"; };
		26109E4F208891B700038E4F /* chair_desc.mp3 */ = {isa = PBXFileReference; lastKnownFileType = audio.mp3; path = chair_desc.mp3; sourceTree = "<group>"; };
		26109E51208891F800038E4F /* computer_desc.mp3 */ = {isa = PBXFileReference; lastKnownFileType = audio.mp3; path = computer_desc.mp3; sourceTree = "<group>"; };
		26109E532088926A00038E4F /* table_desc.mp3 */ = {isa = PBXFileReference; lastKnownFileType = audio.mp3; path = table_desc.mp3; sourceTree = "<group>"; };
		26109E55208892E200038E4F /* cup_desc.mp3 */ = {isa = PBXFileReference; lastKnownFileType = audio.mp3; path = cup_desc.mp3; sourceTree = "<group>"; };
		2623F44020AED24900C0F1F4 /* Base */ = {isa = PBXFileReference; lastKnownFileType = audio.mp3; name = Base; path = Base.lproj/bellPepper.mp3; sourceTree = "<group>"; };
		2623F44220AED24C00C0F1F4 /* ru */ = {isa = PBXFileReference; lastKnownFileType = audio.mp3; name = ru; path = ru.lproj/bellPepper.mp3; sourceTree = "<group>"; };
		2623F44420AED31100C0F1F4 /* Base */ = {isa = PBXFileReference; lastKnownFileType = audio.mp3; name = Base; path = Base.lproj/broccoli.mp3; sourceTree = "<group>"; };
		2623F44620AED31200C0F1F4 /* ru */ = {isa = PBXFileReference; lastKnownFileType = audio.mp3; name = ru; path = ru.lproj/broccoli.mp3; sourceTree = "<group>"; };
		2623F44820AED34800C0F1F4 /* Base */ = {isa = PBXFileReference; lastKnownFileType = audio.mp3; name = Base; path = Base.lproj/cauliflower.mp3; sourceTree = "<group>"; };
		2623F44A20AED34900C0F1F4 /* ru */ = {isa = PBXFileReference; lastKnownFileType = audio.mp3; name = ru; path = ru.lproj/cauliflower.mp3; sourceTree = "<group>"; };
		2623F44C20AED54E00C0F1F4 /* Base */ = {isa = PBXFileReference; lastKnownFileType = audio.mp3; name = Base; path = Base.lproj/cabbage.mp3; sourceTree = "<group>"; };
		2623F44E20AED54F00C0F1F4 /* ru */ = {isa = PBXFileReference; lastKnownFileType = audio.mp3; name = ru; path = ru.lproj/cabbage.mp3; sourceTree = "<group>"; };
		2623F45020AEDE2500C0F1F4 /* Base */ = {isa = PBXFileReference; lastKnownFileType = audio.mp3; name = Base; path = Base.lproj/cucumber.mp3; sourceTree = "<group>"; };
		2623F45220AEDE2600C0F1F4 /* ru */ = {isa = PBXFileReference; lastKnownFileType = audio.mp3; name = ru; path = ru.lproj/cucumber.mp3; sourceTree = "<group>"; };
		2623F45420AEDE3400C0F1F4 /* Base */ = {isa = PBXFileReference; lastKnownFileType = audio.mp3; name = Base; path = Base.lproj/lemon.mp3; sourceTree = "<group>"; };
		2623F45620AEDE3600C0F1F4 /* ru */ = {isa = PBXFileReference; lastKnownFileType = audio.mp3; name = ru; path = ru.lproj/lemon.mp3; sourceTree = "<group>"; };
		2623F45820AEDEA000C0F1F4 /* Base */ = {isa = PBXFileReference; lastKnownFileType = audio.mp3; name = Base; path = Base.lproj/orange.mp3; sourceTree = "<group>"; };
		2623F45A20AEDEA200C0F1F4 /* ru */ = {isa = PBXFileReference; lastKnownFileType = audio.mp3; name = ru; path = ru.lproj/orange.mp3; sourceTree = "<group>"; };
		2623F45C20AEDF2500C0F1F4 /* Base */ = {isa = PBXFileReference; lastKnownFileType = audio.mp3; name = Base; path = Base.lproj/pineapple.mp3; sourceTree = "<group>"; };
		2623F45E20AEDF2600C0F1F4 /* ru */ = {isa = PBXFileReference; lastKnownFileType = audio.mp3; name = ru; path = ru.lproj/pineapple.mp3; sourceTree = "<group>"; };
		2623F46020AEDF8600C0F1F4 /* Base */ = {isa = PBXFileReference; lastKnownFileType = audio.mp3; name = Base; path = Base.lproj/strawberry.mp3; sourceTree = "<group>"; };
		2623F46220AEDF8700C0F1F4 /* ru */ = {isa = PBXFileReference; lastKnownFileType = audio.mp3; name = ru; path = ru.lproj/strawberry.mp3; sourceTree = "<group>"; };
		262C30F120909B21008BF588 /* AboutViewController.swift */ = {isa = PBXFileReference; lastKnownFileType = sourcecode.swift; path = AboutViewController.swift; sourceTree = "<group>"; };
		262C30F320909E3E008BF588 /* ReadViewController.swift */ = {isa = PBXFileReference; lastKnownFileType = sourcecode.swift; path = ReadViewController.swift; sourceTree = "<group>"; };
		262C30F72090AA1E008BF588 /* TestViewController.swift */ = {isa = PBXFileReference; lastKnownFileType = sourcecode.swift; path = TestViewController.swift; sourceTree = "<group>"; };
		263602EC209C96FD00A7E3ED /* main_theme.mp3 */ = {isa = PBXFileReference; lastKnownFileType = audio.mp3; path = main_theme.mp3; sourceTree = "<group>"; };
		264AE66820BAF90300982585 /* click.mp3 */ = {isa = PBXFileReference; lastKnownFileType = audio.mp3; path = click.mp3; sourceTree = "<group>"; };
		265006EB20B5D283000735E6 /* MobileNets.mlmodel */ = {isa = PBXFileReference; lastKnownFileType = file.mlmodel; path = MobileNets.mlmodel; sourceTree = "<group>"; };
		266503822085F13300947473 /* GameTypeViewController.swift */ = {isa = PBXFileReference; lastKnownFileType = sourcecode.swift; path = GameTypeViewController.swift; sourceTree = "<group>"; };
		2665038420860B9000947473 /* LearnViewController.swift */ = {isa = PBXFileReference; lastKnownFileType = sourcecode.swift; path = LearnViewController.swift; sourceTree = "<group>"; };
		2665038620860BC800947473 /* VideoCapture.swift */ = {isa = PBXFileReference; lastKnownFileType = sourcecode.swift; path = VideoCapture.swift; sourceTree = "<group>"; };
		2665038820860C0B00947473 /* MobileNet.mlmodel */ = {isa = PBXFileReference; lastKnownFileType = file.mlmodel; path = MobileNet.mlmodel; sourceTree = "<group>"; };
		2665038A20862B0100947473 /* noticed.mp3 */ = {isa = PBXFileReference; lastKnownFileType = audio.mp3; path = noticed.mp3; sourceTree = "<group>"; };
		2665038C20862B4F00947473 /* Constants.swift */ = {isa = PBXFileReference; lastKnownFileType = sourcecode.swift; path = Constants.swift; sourceTree = "<group>"; };
		2665038F20862D2600947473 /* VoiceAssistant.swift */ = {isa = PBXFileReference; lastKnownFileType = sourcecode.swift; path = VoiceAssistant.swift; sourceTree = "<group>"; };
		2665039120862E4E00947473 /* ObjectRecognition.swift */ = {isa = PBXFileReference; lastKnownFileType = sourcecode.swift; path = ObjectRecognition.swift; sourceTree = "<group>"; };
		26650393208636B100947473 /* LearnProcessor.swift */ = {isa = PBXFileReference; lastKnownFileType = sourcecode.swift; path = LearnProcessor.swift; sourceTree = "<group>"; };
		2678900C2088DA7B00D8CA0C /* SoundSettingsViewController.swift */ = {isa = PBXFileReference; lastKnownFileType = sourcecode.swift; path = SoundSettingsViewController.swift; sourceTree = "<group>"; };
		26A82C11208B46D8009ACE8C /* ScanViewController.swift */ = {isa = PBXFileReference; lastKnownFileType = sourcecode.swift; path = ScanViewController.swift; sourceTree = "<group>"; };
		26A82C13208B73C7009ACE8C /* ScanProcessor.swift */ = {isa = PBXFileReference; lastKnownFileType = sourcecode.swift; path = ScanProcessor.swift; sourceTree = "<group>"; };
		26BCCF0120A2FF830027DEA4 /* Music.swift */ = {isa = PBXFileReference; lastKnownFileType = sourcecode.swift; path = Music.swift; sourceTree = "<group>"; };
		26BCCF0320A43C580027DEA4 /* TutorialViewController.swift */ = {isa = PBXFileReference; lastKnownFileType = sourcecode.swift; path = TutorialViewController.swift; sourceTree = "<group>"; };
		26BCCF0520A4DC460027DEA4 /* Helpers.swift */ = {isa = PBXFileReference; lastKnownFileType = sourcecode.swift; path = Helpers.swift; sourceTree = "<group>"; };
		26BCCF3420A580E00027DEA4 /* sweatshirt.mp3 */ = {isa = PBXFileReference; lastKnownFileType = audio.mp3; path = sweatshirt.mp3; sourceTree = "<group>"; };
		26BCCF3520A580E00027DEA4 /* jeans.mp3 */ = {isa = PBXFileReference; lastKnownFileType = audio.mp3; path = jeans.mp3; sourceTree = "<group>"; };
		26BCCF3620A580E10027DEA4 /* skirt.mp3 */ = {isa = PBXFileReference; lastKnownFileType = audio.mp3; path = skirt.mp3; sourceTree = "<group>"; };
		26BCCF3720A580E10027DEA4 /* suit.mp3 */ = {isa = PBXFileReference; lastKnownFileType = audio.mp3; path = suit.mp3; sourceTree = "<group>"; };
		26BCCF3820A580E10027DEA4 /* hat.mp3 */ = {isa = PBXFileReference; lastKnownFileType = audio.mp3; path = hat.mp3; sourceTree = "<group>"; };
		26BCCF3920A580E10027DEA4 /* bra.mp3 */ = {isa = PBXFileReference; lastKnownFileType = audio.mp3; path = bra.mp3; sourceTree = "<group>"; };
		26BCCF3A20A580E10027DEA4 /* shoes.mp3 */ = {isa = PBXFileReference; lastKnownFileType = audio.mp3; path = shoes.mp3; sourceTree = "<group>"; };
		26BCCF3B20A580E10027DEA4 /* sock.mp3 */ = {isa = PBXFileReference; lastKnownFileType = audio.mp3; path = sock.mp3; sourceTree = "<group>"; };
		26BCCF3C20A580E10027DEA4 /* tShirt.mp3 */ = {isa = PBXFileReference; lastKnownFileType = audio.mp3; path = tShirt.mp3; sourceTree = "<group>"; };
		26BCCF3D20A580E20027DEA4 /* coat.mp3 */ = {isa = PBXFileReference; lastKnownFileType = audio.mp3; path = coat.mp3; sourceTree = "<group>"; };
		26BCCF3E20A580E20027DEA4 /* kimono.mp3 */ = {isa = PBXFileReference; lastKnownFileType = audio.mp3; path = kimono.mp3; sourceTree = "<group>"; };
		26BCCF3F20A580E20027DEA4 /* sandals.mp3 */ = {isa = PBXFileReference; lastKnownFileType = audio.mp3; path = sandals.mp3; sourceTree = "<group>"; };
		26BCCF4020A580E20027DEA4 /* laboratoryCoat.mp3 */ = {isa = PBXFileReference; lastKnownFileType = audio.mp3; path = laboratoryCoat.mp3; sourceTree = "<group>"; };
		26BCCF4F20A587D40027DEA4 /* plate.mp3 */ = {isa = PBXFileReference; lastKnownFileType = audio.mp3; path = plate.mp3; sourceTree = "<group>"; };
		26BCCF5020A587D40027DEA4 /* corkscrew.mp3 */ = {isa = PBXFileReference; lastKnownFileType = audio.mp3; path = corkscrew.mp3; sourceTree = "<group>"; };
		26BCCF5120A587D50027DEA4 /* glass.mp3 */ = {isa = PBXFileReference; lastKnownFileType = audio.mp3; path = glass.mp3; sourceTree = "<group>"; };
		26BCCF5220A587D50027DEA4 /* jug.mp3 */ = {isa = PBXFileReference; lastKnownFileType = audio.mp3; path = jug.mp3; sourceTree = "<group>"; };
		26BCCF5320A587D50027DEA4 /* ladle.mp3 */ = {isa = PBXFileReference; lastKnownFileType = audio.mp3; path = ladle.mp3; sourceTree = "<group>"; };
		26BCCF5420A587D50027DEA4 /* fryingPan.mp3 */ = {isa = PBXFileReference; lastKnownFileType = audio.mp3; path = fryingPan.mp3; sourceTree = "<group>"; };
		26BCCF5520A587D50027DEA4 /* stove.mp3 */ = {isa = PBXFileReference; lastKnownFileType = audio.mp3; path = stove.mp3; sourceTree = "<group>"; };
		26BCCF6020AB142A0027DEA4 /* ru */ = {isa = PBXFileReference; lastKnownFileType = text.plist.strings; name = ru; path = ru.lproj/Main.strings; sourceTree = "<group>"; };
		26BCCF6220AEC83C0027DEA4 /* Base */ = {isa = PBXFileReference; lastKnownFileType = audio.mp3; name = Base; path = Base.lproj/pomegranate.mp3; sourceTree = "<group>"; };
		26BCCF6420AEC83F0027DEA4 /* ru */ = {isa = PBXFileReference; lastKnownFileType = audio.mp3; name = ru; path = ru.lproj/pomegranate.mp3; sourceTree = "<group>"; };
		26BCCF6620AEC85F0027DEA4 /* Base */ = {isa = PBXFileReference; lastKnownFileType = audio.mp3; name = Base; path = Base.lproj/apple.mp3; sourceTree = "<group>"; };
		26BCCF6820AEC8610027DEA4 /* ru */ = {isa = PBXFileReference; lastKnownFileType = audio.mp3; name = ru; path = ru.lproj/apple.mp3; sourceTree = "<group>"; };
		26BCCF6A20AECC480027DEA4 /* Base */ = {isa = PBXFileReference; lastKnownFileType = audio.mp3; name = Base; path = Base.lproj/banana.mp3; sourceTree = "<group>"; };
		26BCCF6C20AECC4A0027DEA4 /* ru */ = {isa = PBXFileReference; lastKnownFileType = audio.mp3; name = ru; path = ru.lproj/banana.mp3; sourceTree = "<group>"; };
		26CF16AD2089069500775B7A /* chair.mp3 */ = {isa = PBXFileReference; lastKnownFileType = audio.mp3; path = chair.mp3; sourceTree = "<group>"; };
		26CF16B02089069600775B7A /* table.mp3 */ = {isa = PBXFileReference; lastKnownFileType = audio.mp3; path = table.mp3; sourceTree = "<group>"; };
		26CF16B22089069600775B7A /* cup.mp3 */ = {isa = PBXFileReference; lastKnownFileType = audio.mp3; path = cup.mp3; sourceTree = "<group>"; };
		26CF16BB20892C2200775B7A /* match.mp3 */ = {isa = PBXFileReference; lastKnownFileType = audio.mp3; path = match.mp3; sourceTree = "<group>"; };
		26CF16BD2089325900775B7A /* MatchViewController.swift */ = {isa = PBXFileReference; lastKnownFileType = sourcecode.swift; path = MatchViewController.swift; sourceTree = "<group>"; };
		26CF16BF2089D17700775B7A /* computer_info_0.mp3 */ = {isa = PBXFileReference; lastKnownFileType = audio.mp3; path = computer_info_0.mp3; sourceTree = "<group>"; };
		26CF16C12089DEC000775B7A /* computer_info_1.mp3 */ = {isa = PBXFileReference; lastKnownFileType = audio.mp3; path = computer_info_1.mp3; sourceTree = "<group>"; };
		26CF16C32089E09300775B7A /* cup_info_0.mp3 */ = {isa = PBXFileReference; lastKnownFileType = audio.mp3; path = cup_info_0.mp3; sourceTree = "<group>"; };
		26CF16C92089E9E100775B7A /* table_oops.mp3 */ = {isa = PBXFileReference; lastKnownFileType = audio.mp3; path = table_oops.mp3; sourceTree = "<group>"; };
		26CF16CB2089EBE700775B7A /* computer_oops.mp3 */ = {isa = PBXFileReference; lastKnownFileType = audio.mp3; path = computer_oops.mp3; sourceTree = "<group>"; };
		26CF16CC2089EBE700775B7A /* banana_oops.mp3 */ = {isa = PBXFileReference; lastKnownFileType = audio.mp3; path = banana_oops.mp3; sourceTree = "<group>"; };
		26CF16CD2089EBE700775B7A /* apple_oops.mp3 */ = {isa = PBXFileReference; lastKnownFileType = audio.mp3; path = apple_oops.mp3; sourceTree = "<group>"; };
		26CF16CE2089EBE700775B7A /* cup_oops.mp3 */ = {isa = PBXFileReference; lastKnownFileType = audio.mp3; path = cup_oops.mp3; sourceTree = "<group>"; };
		26CF16CF2089EBE700775B7A /* chair_oops.mp3 */ = {isa = PBXFileReference; lastKnownFileType = audio.mp3; path = chair_oops.mp3; sourceTree = "<group>"; };
		26E0354D2085DE7100832BDF /* ru */ = {isa = PBXFileReference; lastKnownFileType = text.plist.strings; name = ru; path = ru.lproj/LaunchScreen.strings; sourceTree = "<group>"; };
		26E035542085DF4900832BDF /* ru */ = {isa = PBXFileReference; lastKnownFileType = text.plist.strings; name = ru; path = ru.lproj/Localizable.strings; sourceTree = "<group>"; };
		26E035552085DF5A00832BDF /* Base */ = {isa = PBXFileReference; lastKnownFileType = text.plist.strings; name = Base; path = Base.lproj/Localizable.strings; sourceTree = "<group>"; };
		26E87727209B42F9006553EB /* title.mp3 */ = {isa = PBXFileReference; lastKnownFileType = audio.mp3; path = title.mp3; sourceTree = "<group>"; };
		26E87729209B6F17006553EB /* LibraryViewController.swift */ = {isa = PBXFileReference; lastKnownFileType = sourcecode.swift; path = LibraryViewController.swift; sourceTree = "<group>"; };
		26E8772B209B7025006553EB /* LibraryCollectionViewCell.swift */ = {isa = PBXFileReference; lastKnownFileType = sourcecode.swift; path = LibraryCollectionViewCell.swift; sourceTree = "<group>"; };
		26EED6F820AEEDDD00B5EF57 /* Base */ = {isa = PBXFileReference; lastKnownFileType = audio.mp3; name = Base; path = Base.lproj/computer.mp3; sourceTree = "<group>"; };
		26EED6FA20AEEDDF00B5EF57 /* ru */ = {isa = PBXFileReference; lastKnownFileType = audio.mp3; name = ru; path = ru.lproj/computer.mp3; sourceTree = "<group>"; };
		26EED6FC20AEEDE300B5EF57 /* Base */ = {isa = PBXFileReference; lastKnownFileType = audio.mp3; name = Base; path = Base.lproj/cellphone.mp3; sourceTree = "<group>"; };
		26EED6FE20AEEDE400B5EF57 /* ru */ = {isa = PBXFileReference; lastKnownFileType = audio.mp3; name = ru; path = ru.lproj/cellphone.mp3; sourceTree = "<group>"; };
		26EED70020AEEDE800B5EF57 /* Base */ = {isa = PBXFileReference; lastKnownFileType = audio.mp3; name = Base; path = Base.lproj/fan.mp3; sourceTree = "<group>"; };
		26EED70220AEEDE900B5EF57 /* ru */ = {isa = PBXFileReference; lastKnownFileType = audio.mp3; name = ru; path = ru.lproj/fan.mp3; sourceTree = "<group>"; };
		26EED70420AEEDED00B5EF57 /* Base */ = {isa = PBXFileReference; lastKnownFileType = audio.mp3; name = Base; path = Base.lproj/hairDryer.mp3; sourceTree = "<group>"; };
		26EED70820AEEDF300B5EF57 /* Base */ = {isa = PBXFileReference; lastKnownFileType = audio.mp3; name = Base; path = Base.lproj/homeTheater.mp3; sourceTree = "<group>"; };
		26EED70A20AEEDF400B5EF57 /* ru */ = {isa = PBXFileReference; lastKnownFileType = audio.mp3; name = ru; path = ru.lproj/homeTheater.mp3; sourceTree = "<group>"; };
		26EED70C20AEEDF800B5EF57 /* Base */ = {isa = PBXFileReference; lastKnownFileType = audio.mp3; name = Base; path = Base.lproj/iron.mp3; sourceTree = "<group>"; };
		26EED70E20AEEDF900B5EF57 /* ru */ = {isa = PBXFileReference; lastKnownFileType = audio.mp3; name = ru; path = ru.lproj/iron.mp3; sourceTree = "<group>"; };
		26EED71020AEEDFC00B5EF57 /* Base */ = {isa = PBXFileReference; lastKnownFileType = audio.mp3; name = Base; path = Base.lproj/lamp.mp3; sourceTree = "<group>"; };
		26EED71220AEEDFE00B5EF57 /* ru */ = {isa = PBXFileReference; lastKnownFileType = audio.mp3; name = ru; path = ru.lproj/lamp.mp3; sourceTree = "<group>"; };
		26EED71420AEEE0100B5EF57 /* Base */ = {isa = PBXFileReference; lastKnownFileType = audio.mp3; name = Base; path = Base.lproj/microwave.mp3; sourceTree = "<group>"; };
		26EED71620AEEE0200B5EF57 /* ru */ = {isa = PBXFileReference; lastKnownFileType = audio.mp3; name = ru; path = ru.lproj/microwave.mp3; sourceTree = "<group>"; };
		26EED71820AEEE0400B5EF57 /* Base */ = {isa = PBXFileReference; lastKnownFileType = audio.mp3; name = Base; path = Base.lproj/refrigerator.mp3; sourceTree = "<group>"; };
		26EED71A20AEEE0500B5EF57 /* ru */ = {isa = PBXFileReference; lastKnownFileType = audio.mp3; name = ru; path = ru.lproj/refrigerator.mp3; sourceTree = "<group>"; };
		26EED71C20AEEE0800B5EF57 /* Base */ = {isa = PBXFileReference; lastKnownFileType = audio.mp3; name = Base; path = Base.lproj/toaster.mp3; sourceTree = "<group>"; };
		26EED71E20AEEE0900B5EF57 /* ru */ = {isa = PBXFileReference; lastKnownFileType = audio.mp3; name = ru; path = ru.lproj/toaster.mp3; sourceTree = "<group>"; };
		26EED72020AEEE0C00B5EF57 /* Base */ = {isa = PBXFileReference; lastKnownFileType = audio.mp3; name = Base; path = Base.lproj/tv.mp3; sourceTree = "<group>"; };
		26EED72220AEEE0E00B5EF57 /* ru */ = {isa = PBXFileReference; lastKnownFileType = audio.mp3; name = ru; path = ru.lproj/tv.mp3; sourceTree = "<group>"; };
		26EED72420AEEE1200B5EF57 /* Base */ = {isa = PBXFileReference; lastKnownFileType = audio.mp3; name = Base; path = Base.lproj/vacuum.mp3; sourceTree = "<group>"; };
		26EED72620AEEE1300B5EF57 /* ru */ = {isa = PBXFileReference; lastKnownFileType = audio.mp3; name = ru; path = ru.lproj/vacuum.mp3; sourceTree = "<group>"; };
		26EED72820AEEE1800B5EF57 /* Base */ = {isa = PBXFileReference; lastKnownFileType = audio.mp3; name = Base; path = Base.lproj/washingMachine.mp3; sourceTree = "<group>"; };
		26EED72A20AEEE1A00B5EF57 /* ru */ = {isa = PBXFileReference; lastKnownFileType = audio.mp3; name = ru; path = ru.lproj/washingMachine.mp3; sourceTree = "<group>"; };
		26EED72B20AEEE9000B5EF57 /* ru */ = {isa = PBXFileReference; lastKnownFileType = audio.mp3; name = ru; path = ru.lproj/hairDryer.mp3; sourceTree = "<group>"; };
		26F8723320851AAA004A9CC0 /* InFocusGame.app */ = {isa = PBXFileReference; explicitFileType = wrapper.application; includeInIndex = 0; path = InFocusGame.app; sourceTree = BUILT_PRODUCTS_DIR; };
		26F8723620851AAA004A9CC0 /* AppDelegate.swift */ = {isa = PBXFileReference; lastKnownFileType = sourcecode.swift; path = AppDelegate.swift; sourceTree = "<group>"; };
		26F8723820851AAA004A9CC0 /* RootViewController.swift */ = {isa = PBXFileReference; lastKnownFileType = sourcecode.swift; path = RootViewController.swift; sourceTree = "<group>"; };
		26F8723B20851AAA004A9CC0 /* Base */ = {isa = PBXFileReference; lastKnownFileType = file.storyboard; name = Base; path = Base.lproj/Main.storyboard; sourceTree = "<group>"; };
		26F8723E20851AAA004A9CC0 /* InFocusGame.xcdatamodel */ = {isa = PBXFileReference; lastKnownFileType = wrapper.xcdatamodel; path = InFocusGame.xcdatamodel; sourceTree = "<group>"; };
		26F8724020851AAC004A9CC0 /* Assets.xcassets */ = {isa = PBXFileReference; lastKnownFileType = folder.assetcatalog; path = Assets.xcassets; sourceTree = "<group>"; };
		26F8724320851AAC004A9CC0 /* Base */ = {isa = PBXFileReference; lastKnownFileType = file.storyboard; name = Base; path = Base.lproj/LaunchScreen.storyboard; sourceTree = "<group>"; };
		26F8724520851AAC004A9CC0 /* Info.plist */ = {isa = PBXFileReference; lastKnownFileType = text.plist.xml; path = Info.plist; sourceTree = "<group>"; };
		26F8724A20851AAC004A9CC0 /* InFocusGameTests.xctest */ = {isa = PBXFileReference; explicitFileType = wrapper.cfbundle; includeInIndex = 0; path = InFocusGameTests.xctest; sourceTree = BUILT_PRODUCTS_DIR; };
		26F8724E20851AAC004A9CC0 /* InFocusGameTests.swift */ = {isa = PBXFileReference; lastKnownFileType = sourcecode.swift; path = InFocusGameTests.swift; sourceTree = "<group>"; };
		26F8725020851AAC004A9CC0 /* Info.plist */ = {isa = PBXFileReference; lastKnownFileType = text.plist.xml; path = Info.plist; sourceTree = "<group>"; };
		26F8725520851AAC004A9CC0 /* InFocusGameUITests.xctest */ = {isa = PBXFileReference; explicitFileType = wrapper.cfbundle; includeInIndex = 0; path = InFocusGameUITests.xctest; sourceTree = BUILT_PRODUCTS_DIR; };
		26F8725920851AAC004A9CC0 /* InFocusGameUITests.swift */ = {isa = PBXFileReference; lastKnownFileType = sourcecode.swift; path = InFocusGameUITests.swift; sourceTree = "<group>"; };
		26F8725B20851AAC004A9CC0 /* Info.plist */ = {isa = PBXFileReference; lastKnownFileType = text.plist.xml; path = Info.plist; sourceTree = "<group>"; };
/* End PBXFileReference section */

/* Begin PBXFrameworksBuildPhase section */
		26F8723020851AAA004A9CC0 /* Frameworks */ = {
			isa = PBXFrameworksBuildPhase;
			buildActionMask = 2147483647;
			files = (
			);
			runOnlyForDeploymentPostprocessing = 0;
		};
		26F8724720851AAC004A9CC0 /* Frameworks */ = {
			isa = PBXFrameworksBuildPhase;
			buildActionMask = 2147483647;
			files = (
			);
			runOnlyForDeploymentPostprocessing = 0;
		};
		26F8725220851AAC004A9CC0 /* Frameworks */ = {
			isa = PBXFrameworksBuildPhase;
			buildActionMask = 2147483647;
			files = (
			);
			runOnlyForDeploymentPostprocessing = 0;
		};
/* End PBXFrameworksBuildPhase section */

/* Begin PBXGroup section */
		263602EB209C96EB00A7E3ED /* Music */ = {
			isa = PBXGroup;
			children = (
				263602EC209C96FD00A7E3ED /* main_theme.mp3 */,
			);
			path = Music;
			sourceTree = "<group>";
		};
		2665038E20862CE800947473 /* View Models */ = {
			isa = PBXGroup;
			children = (
				2665038F20862D2600947473 /* VoiceAssistant.swift */,
				2665039120862E4E00947473 /* ObjectRecognition.swift */,
				26650393208636B100947473 /* LearnProcessor.swift */,
				26A82C13208B73C7009ACE8C /* ScanProcessor.swift */,
				26BCCF0120A2FF830027DEA4 /* Music.swift */,
			);
			path = "View Models";
			sourceTree = "<group>";
		};
		26BCCF0720A57B3D0027DEA4 /* Fruits */ = {
			isa = PBXGroup;
			children = (
				2623F44920AED34800C0F1F4 /* cauliflower.mp3 */,
				26BCCF6720AEC85F0027DEA4 /* apple.mp3 */,
				26BCCF6B20AECC480027DEA4 /* banana.mp3 */,
				2623F44120AED24900C0F1F4 /* bellPepper.mp3 */,
				2623F44520AED31100C0F1F4 /* broccoli.mp3 */,
				2623F44D20AED54E00C0F1F4 /* cabbage.mp3 */,
				2623F45120AEDE2500C0F1F4 /* cucumber.mp3 */,
				2623F45520AEDE3400C0F1F4 /* lemon.mp3 */,
				2623F45920AEDEA000C0F1F4 /* orange.mp3 */,
				2623F45D20AEDF2500C0F1F4 /* pineapple.mp3 */,
				26BCCF6320AEC83C0027DEA4 /* pomegranate.mp3 */,
				2623F46120AEDF8600C0F1F4 /* strawberry.mp3 */,
			);
			path = Fruits;
			sourceTree = "<group>";
		};
		26BCCF1A20A57CC60027DEA4 /* Appliances */ = {
			isa = PBXGroup;
			children = (
				26EED6F920AEEDDD00B5EF57 /* computer.mp3 */,
				26EED6FD20AEEDE300B5EF57 /* cellphone.mp3 */,
				26EED70120AEEDE800B5EF57 /* fan.mp3 */,
				26EED70520AEEDED00B5EF57 /* hairDryer.mp3 */,
				26EED70920AEEDF300B5EF57 /* homeTheater.mp3 */,
				26EED70D20AEEDF800B5EF57 /* iron.mp3 */,
				26EED71120AEEDFC00B5EF57 /* lamp.mp3 */,
				26EED71520AEEE0100B5EF57 /* microwave.mp3 */,
				26EED71920AEEE0400B5EF57 /* refrigerator.mp3 */,
				26EED71D20AEEE0800B5EF57 /* toaster.mp3 */,
				26EED72120AEEE0C00B5EF57 /* tv.mp3 */,
				26EED72520AEEE1200B5EF57 /* vacuum.mp3 */,
				26EED72920AEEE1800B5EF57 /* washingMachine.mp3 */,
			);
			path = Appliances;
			sourceTree = "<group>";
		};
		26BCCF3320A57F300027DEA4 /* Clothes */ = {
			isa = PBXGroup;
			children = (
				26BCCF3920A580E10027DEA4 /* bra.mp3 */,
				26BCCF3D20A580E20027DEA4 /* coat.mp3 */,
				26BCCF3820A580E10027DEA4 /* hat.mp3 */,
				26BCCF3520A580E00027DEA4 /* jeans.mp3 */,
				26BCCF3E20A580E20027DEA4 /* kimono.mp3 */,
				26BCCF4020A580E20027DEA4 /* laboratoryCoat.mp3 */,
				26BCCF3F20A580E20027DEA4 /* sandals.mp3 */,
				26BCCF3A20A580E10027DEA4 /* shoes.mp3 */,
				26BCCF3620A580E10027DEA4 /* skirt.mp3 */,
				26BCCF3B20A580E10027DEA4 /* sock.mp3 */,
				26BCCF3720A580E10027DEA4 /* suit.mp3 */,
				26BCCF3420A580E00027DEA4 /* sweatshirt.mp3 */,
				26BCCF3C20A580E10027DEA4 /* tShirt.mp3 */,
			);
			path = Clothes;
			sourceTree = "<group>";
		};
		26BCCF4E20A587B80027DEA4 /* Kitchen */ = {
			isa = PBXGroup;
			children = (
				26BCCF5020A587D40027DEA4 /* corkscrew.mp3 */,
				26BCCF5420A587D50027DEA4 /* fryingPan.mp3 */,
				26BCCF5120A587D50027DEA4 /* glass.mp3 */,
				26BCCF5220A587D50027DEA4 /* jug.mp3 */,
				26BCCF5320A587D50027DEA4 /* ladle.mp3 */,
				26BCCF4F20A587D40027DEA4 /* plate.mp3 */,
				26BCCF5520A587D50027DEA4 /* stove.mp3 */,
			);
			path = Kitchen;
			sourceTree = "<group>";
		};
		26CF16C52089E94800775B7A /* Objects */ = {
			isa = PBXGroup;
			children = (
				26BCCF4E20A587B80027DEA4 /* Kitchen */,
				26BCCF3320A57F300027DEA4 /* Clothes */,
				26BCCF1A20A57CC60027DEA4 /* Appliances */,
				26BCCF0720A57B3D0027DEA4 /* Fruits */,
				26CF16AD2089069500775B7A /* chair.mp3 */,
				26CF16B22089069600775B7A /* cup.mp3 */,
				26CF16B02089069600775B7A /* table.mp3 */,
			);
			path = Objects;
			sourceTree = "<group>";
		};
		26CF16C62089E96F00775B7A /* Info */ = {
			isa = PBXGroup;
			children = (
				26CF16C12089DEC000775B7A /* computer_info_1.mp3 */,
				26CF16BF2089D17700775B7A /* computer_info_0.mp3 */,
				26CF16C32089E09300775B7A /* cup_info_0.mp3 */,
			);
			path = Info;
			sourceTree = "<group>";
		};
		26CF16C72089E99B00775B7A /* Description */ = {
			isa = PBXGroup;
			children = (
				2607A97A20C5E569002B6A4F /* banana_desc.mp3 */,
				2607A94F20C5DD76002B6A4F /* bellPepper_desc.mp3 */,
				2607A96F20C5E3B9002B6A4F /* pomegranate_desc.mp3 */,
				2607A96B20C5E324002B6A4F /* orange_desc.mp3 */,
				2607A96720C5E28C002B6A4F /* cabbage_desc.mp3 */,
				2607A96320C5E1FF002B6A4F /* cauliflower_desc.mp3 */,
				2607A95F20C5E170002B6A4F /* cucumber_desc.mp3 */,
				2607A95720C5DFF0002B6A4F /* apple_desc.mp3 */,
				2607A95B20C5E107002B6A4F /* lemon_desc.mp3 */,
				2607A94920C5DCC2002B6A4F /* broccoli_desc.mp3 */,
				2607A94520C5DB62002B6A4F /* strawberry_desc.mp3 */,
				2607A95320C5DEA5002B6A4F /* pineapple_desc.mp3 */,
				26109E55208892E200038E4F /* cup_desc.mp3 */,
				26109E532088926A00038E4F /* table_desc.mp3 */,
				26109E51208891F800038E4F /* computer_desc.mp3 */,
				26109E4F208891B700038E4F /* chair_desc.mp3 */,
			);
			path = Description;
			sourceTree = "<group>";
		};
		26CF16C82089E9B800775B7A /* Error */ = {
			isa = PBXGroup;
			children = (
				26CF16CD2089EBE700775B7A /* apple_oops.mp3 */,
				26CF16CC2089EBE700775B7A /* banana_oops.mp3 */,
				26CF16CF2089EBE700775B7A /* chair_oops.mp3 */,
				26CF16CB2089EBE700775B7A /* computer_oops.mp3 */,
				26CF16CE2089EBE700775B7A /* cup_oops.mp3 */,
				26CF16C92089E9E100775B7A /* table_oops.mp3 */,
			);
			path = Error;
			sourceTree = "<group>";
		};
		26E035482085DC8E00832BDF /* Models */ = {
			isa = PBXGroup;
			children = (
				265006EB20B5D283000735E6 /* MobileNets.mlmodel */,
				2665038820860C0B00947473 /* MobileNet.mlmodel */,
			);
			path = Models;
			sourceTree = "<group>";
		};
		26E0354A2085DCC600832BDF /* Helpers */ = {
			isa = PBXGroup;
			children = (
				2665038C20862B4F00947473 /* Constants.swift */,
				26109E4120879B6700038E4F /* CoreDataManager.swift */,
				26109E432087C97800038E4F /* Extensions.swift */,
				26BCCF0520A4DC460027DEA4 /* Helpers.swift */,
			);
			path = Helpers;
			sourceTree = "<group>";
		};
		26E0354B2085DDB100832BDF /* Controllers */ = {
			isa = PBXGroup;
			children = (
				26F8723820851AAA004A9CC0 /* RootViewController.swift */,
				266503822085F13300947473 /* GameTypeViewController.swift */,
				2665038420860B9000947473 /* LearnViewController.swift */,
				2665038620860BC800947473 /* VideoCapture.swift */,
				26109E3620875CE600038E4F /* SettingsViewController.swift */,
				26109E3820875DFF00038E4F /* GameSettingsViewController.swift */,
				26109E3D208767C700038E4F /* ObjectsListsTableViewCell.swift */,
				26109E472088658600038E4F /* ObjectsListsViewController.swift */,
				26109E492088727400038E4F /* HelpViewController.swift */,
				26109E4B2088875B00038E4F /* GameOverViewController.swift */,
				2678900C2088DA7B00D8CA0C /* SoundSettingsViewController.swift */,
				26CF16BD2089325900775B7A /* MatchViewController.swift */,
				26A82C11208B46D8009ACE8C /* ScanViewController.swift */,
				262C30F120909B21008BF588 /* AboutViewController.swift */,
				262C30F320909E3E008BF588 /* ReadViewController.swift */,
				262C30F72090AA1E008BF588 /* TestViewController.swift */,
				26E87729209B6F17006553EB /* LibraryViewController.swift */,
				26E8772B209B7025006553EB /* LibraryCollectionViewCell.swift */,
				26BCCF0320A43C580027DEA4 /* TutorialViewController.swift */,
			);
			path = Controllers;
			sourceTree = "<group>";
		};
		26E0354E2085DEA400832BDF /* Localization */ = {
			isa = PBXGroup;
			children = (
				26E035532085DF4400832BDF /* Localizable.strings */,
			);
			path = Localization;
			sourceTree = "<group>";
		};
		26E035592085E57100832BDF /* Assets */ = {
			isa = PBXGroup;
			children = (
				263602EB209C96EB00A7E3ED /* Music */,
				26E0355A2085E57900832BDF /* Voice */,
			);
			path = Assets;
			sourceTree = "<group>";
		};
		26E0355A2085E57900832BDF /* Voice */ = {
			isa = PBXGroup;
			children = (
				26CF16C82089E9B800775B7A /* Error */,
				26CF16C72089E99B00775B7A /* Description */,
				26CF16C62089E96F00775B7A /* Info */,
				26CF16C52089E94800775B7A /* Objects */,
				26CF16BB20892C2200775B7A /* match.mp3 */,
				26E87727209B42F9006553EB /* title.mp3 */,
				2607A94120C5D9A4002B6A4F /* find.mp3 */,
				2607A97E20C5E6C5002B6A4F /* oops.mp3 */,
				264AE66820BAF90300982585 /* click.mp3 */,
				2665038A20862B0100947473 /* noticed.mp3 */,
			);
			path = Voice;
			sourceTree = "<group>";
		};
		26F8722A20851AAA004A9CC0 = {
			isa = PBXGroup;
			children = (
				26F8723520851AAA004A9CC0 /* InFocusGame */,
				26F8724D20851AAC004A9CC0 /* InFocusGameTests */,
				26F8725820851AAC004A9CC0 /* InFocusGameUITests */,
				26F8723420851AAA004A9CC0 /* Products */,
			);
			sourceTree = "<group>";
		};
		26F8723420851AAA004A9CC0 /* Products */ = {
			isa = PBXGroup;
			children = (
				26F8723320851AAA004A9CC0 /* InFocusGame.app */,
				26F8724A20851AAC004A9CC0 /* InFocusGameTests.xctest */,
				26F8725520851AAC004A9CC0 /* InFocusGameUITests.xctest */,
			);
			name = Products;
			sourceTree = "<group>";
		};
		26F8723520851AAA004A9CC0 /* InFocusGame */ = {
			isa = PBXGroup;
			children = (
				2665038E20862CE800947473 /* View Models */,
				26E035592085E57100832BDF /* Assets */,
				26E0354E2085DEA400832BDF /* Localization */,
				26E0354B2085DDB100832BDF /* Controllers */,
				26E0354A2085DCC600832BDF /* Helpers */,
				26E035482085DC8E00832BDF /* Models */,
				26F8723620851AAA004A9CC0 /* AppDelegate.swift */,
				26F8723A20851AAA004A9CC0 /* Main.storyboard */,
				26F8724020851AAC004A9CC0 /* Assets.xcassets */,
				26F8724220851AAC004A9CC0 /* LaunchScreen.storyboard */,
				26F8724520851AAC004A9CC0 /* Info.plist */,
				26F8723D20851AAA004A9CC0 /* InFocusGame.xcdatamodeld */,
			);
			path = InFocusGame;
			sourceTree = "<group>";
		};
		26F8724D20851AAC004A9CC0 /* InFocusGameTests */ = {
			isa = PBXGroup;
			children = (
				26F8724E20851AAC004A9CC0 /* InFocusGameTests.swift */,
				26F8725020851AAC004A9CC0 /* Info.plist */,
			);
			path = InFocusGameTests;
			sourceTree = "<group>";
		};
		26F8725820851AAC004A9CC0 /* InFocusGameUITests */ = {
			isa = PBXGroup;
			children = (
				26F8725920851AAC004A9CC0 /* InFocusGameUITests.swift */,
				26F8725B20851AAC004A9CC0 /* Info.plist */,
			);
			path = InFocusGameUITests;
			sourceTree = "<group>";
		};
/* End PBXGroup section */

/* Begin PBXNativeTarget section */
		26F8723220851AAA004A9CC0 /* InFocusGame */ = {
			isa = PBXNativeTarget;
			buildConfigurationList = 26F8725E20851AAC004A9CC0 /* Build configuration list for PBXNativeTarget "InFocusGame" */;
			buildPhases = (
				26F8722F20851AAA004A9CC0 /* Sources */,
				26F8723020851AAA004A9CC0 /* Frameworks */,
				26F8723120851AAA004A9CC0 /* Resources */,
			);
			buildRules = (
			);
			dependencies = (
			);
			name = InFocusGame;
			productName = InFocusGame;
			productReference = 26F8723320851AAA004A9CC0 /* InFocusGame.app */;
			productType = "com.apple.product-type.application";
		};
		26F8724920851AAC004A9CC0 /* InFocusGameTests */ = {
			isa = PBXNativeTarget;
			buildConfigurationList = 26F8726120851AAC004A9CC0 /* Build configuration list for PBXNativeTarget "InFocusGameTests" */;
			buildPhases = (
				26F8724620851AAC004A9CC0 /* Sources */,
				26F8724720851AAC004A9CC0 /* Frameworks */,
				26F8724820851AAC004A9CC0 /* Resources */,
			);
			buildRules = (
			);
			dependencies = (
				26F8724C20851AAC004A9CC0 /* PBXTargetDependency */,
			);
			name = InFocusGameTests;
			productName = InFocusGameTests;
			productReference = 26F8724A20851AAC004A9CC0 /* InFocusGameTests.xctest */;
			productType = "com.apple.product-type.bundle.unit-test";
		};
		26F8725420851AAC004A9CC0 /* InFocusGameUITests */ = {
			isa = PBXNativeTarget;
			buildConfigurationList = 26F8726420851AAC004A9CC0 /* Build configuration list for PBXNativeTarget "InFocusGameUITests" */;
			buildPhases = (
				26F8725120851AAC004A9CC0 /* Sources */,
				26F8725220851AAC004A9CC0 /* Frameworks */,
				26F8725320851AAC004A9CC0 /* Resources */,
			);
			buildRules = (
			);
			dependencies = (
				26F8725720851AAC004A9CC0 /* PBXTargetDependency */,
			);
			name = InFocusGameUITests;
			productName = InFocusGameUITests;
			productReference = 26F8725520851AAC004A9CC0 /* InFocusGameUITests.xctest */;
			productType = "com.apple.product-type.bundle.ui-testing";
		};
/* End PBXNativeTarget section */

/* Begin PBXProject section */
		26F8722B20851AAA004A9CC0 /* Project object */ = {
			isa = PBXProject;
			attributes = {
				LastSwiftUpdateCheck = 0930;
				LastUpgradeCheck = 0930;
				ORGANIZATIONNAME = "Kirill Babich";
				TargetAttributes = {
					26F8723220851AAA004A9CC0 = {
						CreatedOnToolsVersion = 9.3;
					};
					26F8724920851AAC004A9CC0 = {
						CreatedOnToolsVersion = 9.3;
						TestTargetID = 26F8723220851AAA004A9CC0;
					};
					26F8725420851AAC004A9CC0 = {
						CreatedOnToolsVersion = 9.3;
						TestTargetID = 26F8723220851AAA004A9CC0;
					};
				};
			};
			buildConfigurationList = 26F8722E20851AAA004A9CC0 /* Build configuration list for PBXProject "InFocusGame" */;
			compatibilityVersion = "Xcode 9.3";
			developmentRegion = en;
			hasScannedForEncodings = 0;
			knownRegions = (
				en,
				Base,
				ru,
			);
			mainGroup = 26F8722A20851AAA004A9CC0;
			productRefGroup = 26F8723420851AAA004A9CC0 /* Products */;
			projectDirPath = "";
			projectRoot = "";
			targets = (
				26F8723220851AAA004A9CC0 /* InFocusGame */,
				26F8724920851AAC004A9CC0 /* InFocusGameTests */,
				26F8725420851AAC004A9CC0 /* InFocusGameUITests */,
			);
		};
/* End PBXProject section */

/* Begin PBXResourcesBuildPhase section */
		26F8723120851AAA004A9CC0 /* Resources */ = {
			isa = PBXResourcesBuildPhase;
			buildActionMask = 2147483647;
			files = (
				26109E50208891B700038E4F /* chair_desc.mp3 in Resources */,
				26BCCF5820A587D50027DEA4 /* glass.mp3 in Resources */,
				2607A94720C5DCC2002B6A4F /* broccoli_desc.mp3 in Resources */,
				2607A96120C5E1FF002B6A4F /* cauliflower_desc.mp3 in Resources */,
				26BCCF4120A580E20027DEA4 /* sweatshirt.mp3 in Resources */,
				2623F45F20AEDF8600C0F1F4 /* strawberry.mp3 in Resources */,
				26CF16D02089EBE800775B7A /* computer_oops.mp3 in Resources */,
				26BCCF4B20A580E20027DEA4 /* kimono.mp3 in Resources */,
				2607A97820C5E569002B6A4F /* banana_desc.mp3 in Resources */,
				26EED70720AEEDF300B5EF57 /* homeTheater.mp3 in Resources */,
				26BCCF4220A580E20027DEA4 /* jeans.mp3 in Resources */,
				26F8724420851AAC004A9CC0 /* LaunchScreen.storyboard in Resources */,
				2607A97C20C5E6C5002B6A4F /* oops.mp3 in Resources */,
				26CF16CA2089E9E100775B7A /* table_oops.mp3 in Resources */,
				2607A96920C5E324002B6A4F /* orange_desc.mp3 in Resources */,
				2607A95120C5DEA5002B6A4F /* pineapple_desc.mp3 in Resources */,
				2607A95D20C5E170002B6A4F /* cucumber_desc.mp3 in Resources */,
				2607A94D20C5DD76002B6A4F /* bellPepper_desc.mp3 in Resources */,
				26CF16D32089EBE800775B7A /* cup_oops.mp3 in Resources */,
				26109E542088926A00038E4F /* table_desc.mp3 in Resources */,
				2607A96520C5E28C002B6A4F /* cabbage_desc.mp3 in Resources */,
				2607A95920C5E107002B6A4F /* lemon_desc.mp3 in Resources */,
				2623F44320AED31100C0F1F4 /* broccoli.mp3 in Resources */,
				264AE66920BAF90300982585 /* click.mp3 in Resources */,
				26CF16B32089069600775B7A /* chair.mp3 in Resources */,
				26E035512085DF4400832BDF /* Localizable.strings in Resources */,
				2607A96D20C5E3B9002B6A4F /* pomegranate_desc.mp3 in Resources */,
				2623F44B20AED54E00C0F1F4 /* cabbage.mp3 in Resources */,
				26BCCF5920A587D50027DEA4 /* jug.mp3 in Resources */,
				26CF16B62089069600775B7A /* table.mp3 in Resources */,
				26EED72320AEEE1200B5EF57 /* vacuum.mp3 in Resources */,
				26EED6FF20AEEDE800B5EF57 /* fan.mp3 in Resources */,
				26EED70F20AEEDFC00B5EF57 /* lamp.mp3 in Resources */,
				26EED71F20AEEE0C00B5EF57 /* tv.mp3 in Resources */,
				26CF16D12089EBE800775B7A /* banana_oops.mp3 in Resources */,
				26CF16BC20892C2300775B7A /* match.mp3 in Resources */,
				26EED71B20AEEE0800B5EF57 /* toaster.mp3 in Resources */,
				26EED6FB20AEEDE300B5EF57 /* cellphone.mp3 in Resources */,
				26BCCF4820A580E20027DEA4 /* sock.mp3 in Resources */,
				26EED6F720AEEDDD00B5EF57 /* computer.mp3 in Resources */,
				2623F43F20AED24900C0F1F4 /* bellPepper.mp3 in Resources */,
				2623F45320AEDE3400C0F1F4 /* lemon.mp3 in Resources */,
				2607A93F20C5D9A4002B6A4F /* find.mp3 in Resources */,
				2665038B20862B0100947473 /* noticed.mp3 in Resources */,
				26CF16C42089E09300775B7A /* cup_info_0.mp3 in Resources */,
				26F8724120851AAC004A9CC0 /* Assets.xcassets in Resources */,
				26BCCF4720A580E20027DEA4 /* shoes.mp3 in Resources */,
				26BCCF6520AEC85F0027DEA4 /* apple.mp3 in Resources */,
				26CF16D42089EBE800775B7A /* chair_oops.mp3 in Resources */,
				2607A94320C5DB62002B6A4F /* strawberry_desc.mp3 in Resources */,
				263602ED209C96FD00A7E3ED /* main_theme.mp3 in Resources */,
				26BCCF4520A580E20027DEA4 /* hat.mp3 in Resources */,
				26109E56208892E200038E4F /* cup_desc.mp3 in Resources */,
				26CF16D22089EBE800775B7A /* apple_oops.mp3 in Resources */,
				2623F45720AEDEA000C0F1F4 /* orange.mp3 in Resources */,
				26CF16C22089DEC000775B7A /* computer_info_1.mp3 in Resources */,
				2623F44720AED34800C0F1F4 /* cauliflower.mp3 in Resources */,
				26EED70320AEEDED00B5EF57 /* hairDryer.mp3 in Resources */,
				2607A95520C5DFF0002B6A4F /* apple_desc.mp3 in Resources */,
				26BCCF4D20A580E20027DEA4 /* laboratoryCoat.mp3 in Resources */,
				26F8723C20851AAA004A9CC0 /* Main.storyboard in Resources */,
				26BCCF4320A580E20027DEA4 /* skirt.mp3 in Resources */,
				26BCCF4C20A580E20027DEA4 /* sandals.mp3 in Resources */,
				26BCCF6120AEC83C0027DEA4 /* pomegranate.mp3 in Resources */,
				26EED71320AEEE0100B5EF57 /* microwave.mp3 in Resources */,
				2623F45B20AEDF2500C0F1F4 /* pineapple.mp3 in Resources */,
				26BCCF4A20A580E20027DEA4 /* coat.mp3 in Resources */,
				26BCCF5A20A587D50027DEA4 /* ladle.mp3 in Resources */,
				26BCCF5B20A587D50027DEA4 /* fryingPan.mp3 in Resources */,
				26109E52208891F800038E4F /* computer_desc.mp3 in Resources */,
				26BCCF4620A580E20027DEA4 /* bra.mp3 in Resources */,
				26EED72720AEEE1800B5EF57 /* washingMachine.mp3 in Resources */,
				2623F44F20AEDE2500C0F1F4 /* cucumber.mp3 in Resources */,
				26EED70B20AEEDF800B5EF57 /* iron.mp3 in Resources */,
				26CF16C02089D17700775B7A /* computer_info_0.mp3 in Resources */,
				26BCCF4920A580E20027DEA4 /* tShirt.mp3 in Resources */,
				26BCCF5C20A587D50027DEA4 /* stove.mp3 in Resources */,
				26BCCF4420A580E20027DEA4 /* suit.mp3 in Resources */,
				26CF16B82089069600775B7A /* cup.mp3 in Resources */,
				26BCCF6920AECC480027DEA4 /* banana.mp3 in Resources */,
				26EED71720AEEE0400B5EF57 /* refrigerator.mp3 in Resources */,
				26BCCF5720A587D50027DEA4 /* corkscrew.mp3 in Resources */,
				26E87728209B42F9006553EB /* title.mp3 in Resources */,
				26BCCF5620A587D50027DEA4 /* plate.mp3 in Resources */,
			);
			runOnlyForDeploymentPostprocessing = 0;
		};
		26F8724820851AAC004A9CC0 /* Resources */ = {
			isa = PBXResourcesBuildPhase;
			buildActionMask = 2147483647;
			files = (
			);
			runOnlyForDeploymentPostprocessing = 0;
		};
		26F8725320851AAC004A9CC0 /* Resources */ = {
			isa = PBXResourcesBuildPhase;
			buildActionMask = 2147483647;
			files = (
			);
			runOnlyForDeploymentPostprocessing = 0;
		};
/* End PBXResourcesBuildPhase section */

/* Begin PBXSourcesBuildPhase section */
		26F8722F20851AAA004A9CC0 /* Sources */ = {
			isa = PBXSourcesBuildPhase;
			buildActionMask = 2147483647;
			files = (
				2665039220862E4F00947473 /* ObjectRecognition.swift in Sources */,
				2665038520860B9000947473 /* LearnViewController.swift in Sources */,
				26BCCF0420A43C580027DEA4 /* TutorialViewController.swift in Sources */,
				26109E4C2088875B00038E4F /* GameOverViewController.swift in Sources */,
				2678900D2088DA7B00D8CA0C /* SoundSettingsViewController.swift in Sources */,
				2665039020862D2600947473 /* VoiceAssistant.swift in Sources */,
				26109E3920875DFF00038E4F /* GameSettingsViewController.swift in Sources */,
				26F8723F20851AAA004A9CC0 /* InFocusGame.xcdatamodeld in Sources */,
				26E8772A209B6F17006553EB /* LibraryViewController.swift in Sources */,
				26F8723920851AAA004A9CC0 /* RootViewController.swift in Sources */,
				26650394208636B100947473 /* LearnProcessor.swift in Sources */,
				266503832085F13300947473 /* GameTypeViewController.swift in Sources */,
				2665038D20862B4F00947473 /* Constants.swift in Sources */,
				2665038920860C0B00947473 /* MobileNet.mlmodel in Sources */,
				262C30F82090AA1E008BF588 /* TestViewController.swift in Sources */,
				26A82C12208B46D8009ACE8C /* ScanViewController.swift in Sources */,
				26BCCF0220A2FF830027DEA4 /* Music.swift in Sources */,
				26109E482088658600038E4F /* ObjectsListsViewController.swift in Sources */,
				26109E4A2088727400038E4F /* HelpViewController.swift in Sources */,
				2665038720860BC800947473 /* VideoCapture.swift in Sources */,
				26F8723720851AAA004A9CC0 /* AppDelegate.swift in Sources */,
				262C30F220909B21008BF588 /* AboutViewController.swift in Sources */,
				26109E3E208767C700038E4F /* ObjectsListsTableViewCell.swift in Sources */,
				262C30F420909E3E008BF588 /* ReadViewController.swift in Sources */,
				26E8772C209B7025006553EB /* LibraryCollectionViewCell.swift in Sources */,
				26A82C14208B73C7009ACE8C /* ScanProcessor.swift in Sources */,
				26BCCF0620A4DC460027DEA4 /* Helpers.swift in Sources */,
				26CF16BE2089325900775B7A /* MatchViewController.swift in Sources */,
				265006EC20B5D283000735E6 /* MobileNets.mlmodel in Sources */,
				26109E442087C97800038E4F /* Extensions.swift in Sources */,
				26109E4220879B6700038E4F /* CoreDataManager.swift in Sources */,
				26109E3720875CE600038E4F /* SettingsViewController.swift in Sources */,
			);
			runOnlyForDeploymentPostprocessing = 0;
		};
		26F8724620851AAC004A9CC0 /* Sources */ = {
			isa = PBXSourcesBuildPhase;
			buildActionMask = 2147483647;
			files = (
				26F8724F20851AAC004A9CC0 /* InFocusGameTests.swift in Sources */,
			);
			runOnlyForDeploymentPostprocessing = 0;
		};
		26F8725120851AAC004A9CC0 /* Sources */ = {
			isa = PBXSourcesBuildPhase;
			buildActionMask = 2147483647;
			files = (
				26F8725A20851AAC004A9CC0 /* InFocusGameUITests.swift in Sources */,
			);
			runOnlyForDeploymentPostprocessing = 0;
		};
/* End PBXSourcesBuildPhase section */

/* Begin PBXTargetDependency section */
		26F8724C20851AAC004A9CC0 /* PBXTargetDependency */ = {
			isa = PBXTargetDependency;
			target = 26F8723220851AAA004A9CC0 /* InFocusGame */;
			targetProxy = 26F8724B20851AAC004A9CC0 /* PBXContainerItemProxy */;
		};
		26F8725720851AAC004A9CC0 /* PBXTargetDependency */ = {
			isa = PBXTargetDependency;
			target = 26F8723220851AAA004A9CC0 /* InFocusGame */;
			targetProxy = 26F8725620851AAC004A9CC0 /* PBXContainerItemProxy */;
		};
/* End PBXTargetDependency section */

/* Begin PBXVariantGroup section */
		2607A94120C5D9A4002B6A4F /* find.mp3 */ = {
			isa = PBXVariantGroup;
			children = (
				2607A94020C5D9A4002B6A4F /* Base */,
				2607A94220C5D9A7002B6A4F /* ru */,
			);
			name = find.mp3;
			sourceTree = "<group>";
		};
		2607A94520C5DB62002B6A4F /* strawberry_desc.mp3 */ = {
			isa = PBXVariantGroup;
			children = (
				2607A94420C5DB62002B6A4F /* Base */,
				2607A94620C5DB64002B6A4F /* ru */,
			);
			name = strawberry_desc.mp3;
			sourceTree = "<group>";
		};
		2607A94920C5DCC2002B6A4F /* broccoli_desc.mp3 */ = {
			isa = PBXVariantGroup;
			children = (
				2607A94820C5DCC2002B6A4F /* Base */,
				2607A94A20C5DCC3002B6A4F /* ru */,
			);
			name = broccoli_desc.mp3;
			sourceTree = "<group>";
		};
		2607A94F20C5DD76002B6A4F /* bellPepper_desc.mp3 */ = {
			isa = PBXVariantGroup;
			children = (
				2607A94E20C5DD76002B6A4F /* Base */,
				2607A95020C5DD79002B6A4F /* ru */,
			);
			name = bellPepper_desc.mp3;
			sourceTree = "<group>";
		};
		2607A95320C5DEA5002B6A4F /* pineapple_desc.mp3 */ = {
			isa = PBXVariantGroup;
			children = (
				2607A95220C5DEA5002B6A4F /* Base */,
				2607A95420C5DEA6002B6A4F /* ru */,
			);
			name = pineapple_desc.mp3;
			sourceTree = "<group>";
		};
		2607A95720C5DFF0002B6A4F /* apple_desc.mp3 */ = {
			isa = PBXVariantGroup;
			children = (
				2607A95620C5DFF0002B6A4F /* Base */,
				2607A95820C5DFF1002B6A4F /* ru */,
			);
			name = apple_desc.mp3;
			sourceTree = "<group>";
		};
		2607A95B20C5E107002B6A4F /* lemon_desc.mp3 */ = {
			isa = PBXVariantGroup;
			children = (
				2607A95A20C5E107002B6A4F /* Base */,
				2607A95C20C5E108002B6A4F /* ru */,
			);
			name = lemon_desc.mp3;
			sourceTree = "<group>";
		};
		2607A95F20C5E170002B6A4F /* cucumber_desc.mp3 */ = {
			isa = PBXVariantGroup;
			children = (
				2607A95E20C5E170002B6A4F /* Base */,
				2607A96020C5E171002B6A4F /* ru */,
			);
			name = cucumber_desc.mp3;
			sourceTree = "<group>";
		};
		2607A96320C5E1FF002B6A4F /* cauliflower_desc.mp3 */ = {
			isa = PBXVariantGroup;
			children = (
				2607A96220C5E1FF002B6A4F /* Base */,
				2607A96420C5E200002B6A4F /* ru */,
			);
			name = cauliflower_desc.mp3;
			sourceTree = "<group>";
		};
		2607A96720C5E28C002B6A4F /* cabbage_desc.mp3 */ = {
			isa = PBXVariantGroup;
			children = (
				2607A96620C5E28C002B6A4F /* Base */,
				2607A96820C5E28C002B6A4F /* ru */,
			);
			name = cabbage_desc.mp3;
			sourceTree = "<group>";
		};
		2607A96B20C5E324002B6A4F /* orange_desc.mp3 */ = {
			isa = PBXVariantGroup;
			children = (
				2607A96A20C5E324002B6A4F /* Base */,
				2607A96C20C5E325002B6A4F /* ru */,
			);
			name = orange_desc.mp3;
			sourceTree = "<group>";
		};
		2607A96F20C5E3B9002B6A4F /* pomegranate_desc.mp3 */ = {
			isa = PBXVariantGroup;
			children = (
				2607A96E20C5E3B9002B6A4F /* Base */,
				2607A97020C5E3BA002B6A4F /* ru */,
			);
			name = pomegranate_desc.mp3;
			sourceTree = "<group>";
		};
		2607A97A20C5E569002B6A4F /* banana_desc.mp3 */ = {
			isa = PBXVariantGroup;
			children = (
				2607A97920C5E569002B6A4F /* Base */,
				2607A97B20C5E56F002B6A4F /* ru */,
			);
			name = banana_desc.mp3;
			sourceTree = "<group>";
		};
		2607A97E20C5E6C5002B6A4F /* oops.mp3 */ = {
			isa = PBXVariantGroup;
			children = (
				2607A97D20C5E6C5002B6A4F /* Base */,
				2607A97F20C5E6C6002B6A4F /* ru */,
			);
			name = oops.mp3;
			sourceTree = "<group>";
		};
		2623F44120AED24900C0F1F4 /* bellPepper.mp3 */ = {
			isa = PBXVariantGroup;
			children = (
				2623F44020AED24900C0F1F4 /* Base */,
				2623F44220AED24C00C0F1F4 /* ru */,
			);
			name = bellPepper.mp3;
			sourceTree = "<group>";
		};
		2623F44520AED31100C0F1F4 /* broccoli.mp3 */ = {
			isa = PBXVariantGroup;
			children = (
				2623F44420AED31100C0F1F4 /* Base */,
				2623F44620AED31200C0F1F4 /* ru */,
			);
			name = broccoli.mp3;
			sourceTree = "<group>";
		};
		2623F44920AED34800C0F1F4 /* cauliflower.mp3 */ = {
			isa = PBXVariantGroup;
			children = (
				2623F44820AED34800C0F1F4 /* Base */,
				2623F44A20AED34900C0F1F4 /* ru */,
			);
			name = cauliflower.mp3;
			sourceTree = "<group>";
		};
		2623F44D20AED54E00C0F1F4 /* cabbage.mp3 */ = {
			isa = PBXVariantGroup;
			children = (
				2623F44C20AED54E00C0F1F4 /* Base */,
				2623F44E20AED54F00C0F1F4 /* ru */,
			);
			name = cabbage.mp3;
			sourceTree = "<group>";
		};
		2623F45120AEDE2500C0F1F4 /* cucumber.mp3 */ = {
			isa = PBXVariantGroup;
			children = (
				2623F45020AEDE2500C0F1F4 /* Base */,
				2623F45220AEDE2600C0F1F4 /* ru */,
			);
			name = cucumber.mp3;
			sourceTree = "<group>";
		};
		2623F45520AEDE3400C0F1F4 /* lemon.mp3 */ = {
			isa = PBXVariantGroup;
			children = (
				2623F45420AEDE3400C0F1F4 /* Base */,
				2623F45620AEDE3600C0F1F4 /* ru */,
			);
			name = lemon.mp3;
			sourceTree = "<group>";
		};
		2623F45920AEDEA000C0F1F4 /* orange.mp3 */ = {
			isa = PBXVariantGroup;
			children = (
				2623F45820AEDEA000C0F1F4 /* Base */,
				2623F45A20AEDEA200C0F1F4 /* ru */,
			);
			name = orange.mp3;
			sourceTree = "<group>";
		};
		2623F45D20AEDF2500C0F1F4 /* pineapple.mp3 */ = {
			isa = PBXVariantGroup;
			children = (
				2623F45C20AEDF2500C0F1F4 /* Base */,
				2623F45E20AEDF2600C0F1F4 /* ru */,
			);
			name = pineapple.mp3;
			sourceTree = "<group>";
		};
		2623F46120AEDF8600C0F1F4 /* strawberry.mp3 */ = {
			isa = PBXVariantGroup;
			children = (
				2623F46020AEDF8600C0F1F4 /* Base */,
				2623F46220AEDF8700C0F1F4 /* ru */,
			);
			name = strawberry.mp3;
			sourceTree = "<group>";
		};
		26BCCF6320AEC83C0027DEA4 /* pomegranate.mp3 */ = {
			isa = PBXVariantGroup;
			children = (
				26BCCF6220AEC83C0027DEA4 /* Base */,
				26BCCF6420AEC83F0027DEA4 /* ru */,
			);
			name = pomegranate.mp3;
			sourceTree = "<group>";
		};
		26BCCF6720AEC85F0027DEA4 /* apple.mp3 */ = {
			isa = PBXVariantGroup;
			children = (
				26BCCF6620AEC85F0027DEA4 /* Base */,
				26BCCF6820AEC8610027DEA4 /* ru */,
			);
			name = apple.mp3;
			sourceTree = "<group>";
		};
		26BCCF6B20AECC480027DEA4 /* banana.mp3 */ = {
			isa = PBXVariantGroup;
			children = (
				26BCCF6A20AECC480027DEA4 /* Base */,
				26BCCF6C20AECC4A0027DEA4 /* ru */,
			);
			name = banana.mp3;
			sourceTree = "<group>";
		};
		26E035532085DF4400832BDF /* Localizable.strings */ = {
			isa = PBXVariantGroup;
			children = (
				26E035542085DF4900832BDF /* ru */,
				26E035552085DF5A00832BDF /* Base */,
			);
			name = Localizable.strings;
			sourceTree = "<group>";
		};
		26EED6F920AEEDDD00B5EF57 /* computer.mp3 */ = {
			isa = PBXVariantGroup;
			children = (
				26EED6F820AEEDDD00B5EF57 /* Base */,
				26EED6FA20AEEDDF00B5EF57 /* ru */,
			);
			name = computer.mp3;
			sourceTree = "<group>";
		};
		26EED6FD20AEEDE300B5EF57 /* cellphone.mp3 */ = {
			isa = PBXVariantGroup;
			children = (
				26EED6FC20AEEDE300B5EF57 /* Base */,
				26EED6FE20AEEDE400B5EF57 /* ru */,
			);
			name = cellphone.mp3;
			sourceTree = "<group>";
		};
		26EED70120AEEDE800B5EF57 /* fan.mp3 */ = {
			isa = PBXVariantGroup;
			children = (
				26EED70020AEEDE800B5EF57 /* Base */,
				26EED70220AEEDE900B5EF57 /* ru */,
			);
			name = fan.mp3;
			sourceTree = "<group>";
		};
		26EED70520AEEDED00B5EF57 /* hairDryer.mp3 */ = {
			isa = PBXVariantGroup;
			children = (
				26EED70420AEEDED00B5EF57 /* Base */,
				26EED72B20AEEE9000B5EF57 /* ru */,
			);
			name = hairDryer.mp3;
			sourceTree = "<group>";
		};
		26EED70920AEEDF300B5EF57 /* homeTheater.mp3 */ = {
			isa = PBXVariantGroup;
			children = (
				26EED70820AEEDF300B5EF57 /* Base */,
				26EED70A20AEEDF400B5EF57 /* ru */,
			);
			name = homeTheater.mp3;
			sourceTree = "<group>";
		};
		26EED70D20AEEDF800B5EF57 /* iron.mp3 */ = {
			isa = PBXVariantGroup;
			children = (
				26EED70C20AEEDF800B5EF57 /* Base */,
				26EED70E20AEEDF900B5EF57 /* ru */,
			);
			name = iron.mp3;
			sourceTree = "<group>";
		};
		26EED71120AEEDFC00B5EF57 /* lamp.mp3 */ = {
			isa = PBXVariantGroup;
			children = (
				26EED71020AEEDFC00B5EF57 /* Base */,
				26EED71220AEEDFE00B5EF57 /* ru */,
			);
			name = lamp.mp3;
			sourceTree = "<group>";
		};
		26EED71520AEEE0100B5EF57 /* microwave.mp3 */ = {
			isa = PBXVariantGroup;
			children = (
				26EED71420AEEE0100B5EF57 /* Base */,
				26EED71620AEEE0200B5EF57 /* ru */,
			);
			name = microwave.mp3;
			sourceTree = "<group>";
		};
		26EED71920AEEE0400B5EF57 /* refrigerator.mp3 */ = {
			isa = PBXVariantGroup;
			children = (
				26EED71820AEEE0400B5EF57 /* Base */,
				26EED71A20AEEE0500B5EF57 /* ru */,
			);
			name = refrigerator.mp3;
			sourceTree = "<group>";
		};
		26EED71D20AEEE0800B5EF57 /* toaster.mp3 */ = {
			isa = PBXVariantGroup;
			children = (
				26EED71C20AEEE0800B5EF57 /* Base */,
				26EED71E20AEEE0900B5EF57 /* ru */,
			);
			name = toaster.mp3;
			sourceTree = "<group>";
		};
		26EED72120AEEE0C00B5EF57 /* tv.mp3 */ = {
			isa = PBXVariantGroup;
			children = (
				26EED72020AEEE0C00B5EF57 /* Base */,
				26EED72220AEEE0E00B5EF57 /* ru */,
			);
			name = tv.mp3;
			sourceTree = "<group>";
		};
		26EED72520AEEE1200B5EF57 /* vacuum.mp3 */ = {
			isa = PBXVariantGroup;
			children = (
				26EED72420AEEE1200B5EF57 /* Base */,
				26EED72620AEEE1300B5EF57 /* ru */,
			);
			name = vacuum.mp3;
			sourceTree = "<group>";
		};
		26EED72920AEEE1800B5EF57 /* washingMachine.mp3 */ = {
			isa = PBXVariantGroup;
			children = (
				26EED72820AEEE1800B5EF57 /* Base */,
				26EED72A20AEEE1A00B5EF57 /* ru */,
			);
			name = washingMachine.mp3;
			sourceTree = "<group>";
		};
		26F8723A20851AAA004A9CC0 /* Main.storyboard */ = {
			isa = PBXVariantGroup;
			children = (
				26F8723B20851AAA004A9CC0 /* Base */,
				26BCCF6020AB142A0027DEA4 /* ru */,
			);
			name = Main.storyboard;
			sourceTree = "<group>";
		};
		26F8724220851AAC004A9CC0 /* LaunchScreen.storyboard */ = {
			isa = PBXVariantGroup;
			children = (
				26F8724320851AAC004A9CC0 /* Base */,
				26E0354D2085DE7100832BDF /* ru */,
			);
			name = LaunchScreen.storyboard;
			sourceTree = "<group>";
		};
/* End PBXVariantGroup section */

/* Begin XCBuildConfiguration section */
		26F8725C20851AAC004A9CC0 /* Debug */ = {
			isa = XCBuildConfiguration;
			buildSettings = {
				ALWAYS_SEARCH_USER_PATHS = NO;
				CLANG_ANALYZER_LOCALIZABILITY_NONLOCALIZED = YES;
				CLANG_ANALYZER_NONNULL = YES;
				CLANG_ANALYZER_NUMBER_OBJECT_CONVERSION = YES_AGGRESSIVE;
				CLANG_CXX_LANGUAGE_STANDARD = "gnu++14";
				CLANG_CXX_LIBRARY = "libc++";
				CLANG_ENABLE_MODULES = YES;
				CLANG_ENABLE_OBJC_ARC = YES;
				CLANG_ENABLE_OBJC_WEAK = YES;
				CLANG_WARN_BLOCK_CAPTURE_AUTORELEASING = YES;
				CLANG_WARN_BOOL_CONVERSION = YES;
				CLANG_WARN_COMMA = YES;
				CLANG_WARN_CONSTANT_CONVERSION = YES;
				CLANG_WARN_DEPRECATED_OBJC_IMPLEMENTATIONS = YES;
				CLANG_WARN_DIRECT_OBJC_ISA_USAGE = YES_ERROR;
				CLANG_WARN_DOCUMENTATION_COMMENTS = YES;
				CLANG_WARN_EMPTY_BODY = YES;
				CLANG_WARN_ENUM_CONVERSION = YES;
				CLANG_WARN_INFINITE_RECURSION = YES;
				CLANG_WARN_INT_CONVERSION = YES;
				CLANG_WARN_NON_LITERAL_NULL_CONVERSION = YES;
				CLANG_WARN_OBJC_IMPLICIT_RETAIN_SELF = YES;
				CLANG_WARN_OBJC_LITERAL_CONVERSION = YES;
				CLANG_WARN_OBJC_ROOT_CLASS = YES_ERROR;
				CLANG_WARN_RANGE_LOOP_ANALYSIS = YES;
				CLANG_WARN_STRICT_PROTOTYPES = YES;
				CLANG_WARN_SUSPICIOUS_MOVE = YES;
				CLANG_WARN_UNGUARDED_AVAILABILITY = YES_AGGRESSIVE;
				CLANG_WARN_UNREACHABLE_CODE = YES;
				CLANG_WARN__DUPLICATE_METHOD_MATCH = YES;
				CODE_SIGN_IDENTITY = "iPhone Developer";
				COPY_PHASE_STRIP = NO;
				DEBUG_INFORMATION_FORMAT = dwarf;
				ENABLE_STRICT_OBJC_MSGSEND = YES;
				ENABLE_TESTABILITY = YES;
				GCC_C_LANGUAGE_STANDARD = gnu11;
				GCC_DYNAMIC_NO_PIC = NO;
				GCC_NO_COMMON_BLOCKS = YES;
				GCC_OPTIMIZATION_LEVEL = 0;
				GCC_PREPROCESSOR_DEFINITIONS = (
					"DEBUG=1",
					"$(inherited)",
				);
				GCC_WARN_64_TO_32_BIT_CONVERSION = YES;
				GCC_WARN_ABOUT_RETURN_TYPE = YES_ERROR;
				GCC_WARN_UNDECLARED_SELECTOR = YES;
				GCC_WARN_UNINITIALIZED_AUTOS = YES_AGGRESSIVE;
				GCC_WARN_UNUSED_FUNCTION = YES;
				GCC_WARN_UNUSED_VARIABLE = YES;
				IPHONEOS_DEPLOYMENT_TARGET = 11.3;
				MTL_ENABLE_DEBUG_INFO = YES;
				ONLY_ACTIVE_ARCH = YES;
				SDKROOT = iphoneos;
				SWIFT_ACTIVE_COMPILATION_CONDITIONS = DEBUG;
				SWIFT_OPTIMIZATION_LEVEL = "-Onone";
			};
			name = Debug;
		};
		26F8725D20851AAC004A9CC0 /* Release */ = {
			isa = XCBuildConfiguration;
			buildSettings = {
				ALWAYS_SEARCH_USER_PATHS = NO;
				CLANG_ANALYZER_LOCALIZABILITY_NONLOCALIZED = YES;
				CLANG_ANALYZER_NONNULL = YES;
				CLANG_ANALYZER_NUMBER_OBJECT_CONVERSION = YES_AGGRESSIVE;
				CLANG_CXX_LANGUAGE_STANDARD = "gnu++14";
				CLANG_CXX_LIBRARY = "libc++";
				CLANG_ENABLE_MODULES = YES;
				CLANG_ENABLE_OBJC_ARC = YES;
				CLANG_ENABLE_OBJC_WEAK = YES;
				CLANG_WARN_BLOCK_CAPTURE_AUTORELEASING = YES;
				CLANG_WARN_BOOL_CONVERSION = YES;
				CLANG_WARN_COMMA = YES;
				CLANG_WARN_CONSTANT_CONVERSION = YES;
				CLANG_WARN_DEPRECATED_OBJC_IMPLEMENTATIONS = YES;
				CLANG_WARN_DIRECT_OBJC_ISA_USAGE = YES_ERROR;
				CLANG_WARN_DOCUMENTATION_COMMENTS = YES;
				CLANG_WARN_EMPTY_BODY = YES;
				CLANG_WARN_ENUM_CONVERSION = YES;
				CLANG_WARN_INFINITE_RECURSION = YES;
				CLANG_WARN_INT_CONVERSION = YES;
				CLANG_WARN_NON_LITERAL_NULL_CONVERSION = YES;
				CLANG_WARN_OBJC_IMPLICIT_RETAIN_SELF = YES;
				CLANG_WARN_OBJC_LITERAL_CONVERSION = YES;
				CLANG_WARN_OBJC_ROOT_CLASS = YES_ERROR;
				CLANG_WARN_RANGE_LOOP_ANALYSIS = YES;
				CLANG_WARN_STRICT_PROTOTYPES = YES;
				CLANG_WARN_SUSPICIOUS_MOVE = YES;
				CLANG_WARN_UNGUARDED_AVAILABILITY = YES_AGGRESSIVE;
				CLANG_WARN_UNREACHABLE_CODE = YES;
				CLANG_WARN__DUPLICATE_METHOD_MATCH = YES;
				CODE_SIGN_IDENTITY = "iPhone Developer";
				COPY_PHASE_STRIP = NO;
				DEBUG_INFORMATION_FORMAT = "dwarf-with-dsym";
				ENABLE_NS_ASSERTIONS = NO;
				ENABLE_STRICT_OBJC_MSGSEND = YES;
				GCC_C_LANGUAGE_STANDARD = gnu11;
				GCC_NO_COMMON_BLOCKS = YES;
				GCC_WARN_64_TO_32_BIT_CONVERSION = YES;
				GCC_WARN_ABOUT_RETURN_TYPE = YES_ERROR;
				GCC_WARN_UNDECLARED_SELECTOR = YES;
				GCC_WARN_UNINITIALIZED_AUTOS = YES_AGGRESSIVE;
				GCC_WARN_UNUSED_FUNCTION = YES;
				GCC_WARN_UNUSED_VARIABLE = YES;
				IPHONEOS_DEPLOYMENT_TARGET = 11.3;
				MTL_ENABLE_DEBUG_INFO = NO;
				SDKROOT = iphoneos;
				SWIFT_COMPILATION_MODE = wholemodule;
				SWIFT_OPTIMIZATION_LEVEL = "-O";
				VALIDATE_PRODUCT = YES;
			};
			name = Release;
		};
		26F8725F20851AAC004A9CC0 /* Debug */ = {
			isa = XCBuildConfiguration;
			buildSettings = {
				ASSETCATALOG_COMPILER_APPICON_NAME = AppIcon;
				CODE_SIGN_STYLE = Automatic;
				DEVELOPMENT_TEAM = 95JJXJGL3U;
				INFOPLIST_FILE = InFocusGame/Info.plist;
				IPHONEOS_DEPLOYMENT_TARGET = 11.0;
				LD_RUNPATH_SEARCH_PATHS = (
					"$(inherited)",
					"@executable_path/Frameworks",
				);
				PRODUCT_BUNDLE_IDENTIFIER = ru.kilimondjaro.InFocusGame;
				PRODUCT_NAME = "$(TARGET_NAME)";
				SWIFT_VERSION = 4.0;
				TARGETED_DEVICE_FAMILY = "1,2";
			};
			name = Debug;
		};
		26F8726020851AAC004A9CC0 /* Release */ = {
			isa = XCBuildConfiguration;
			buildSettings = {
				ASSETCATALOG_COMPILER_APPICON_NAME = AppIcon;
				CODE_SIGN_STYLE = Automatic;
				DEVELOPMENT_TEAM = 95JJXJGL3U;
				INFOPLIST_FILE = InFocusGame/Info.plist;
				IPHONEOS_DEPLOYMENT_TARGET = 11.0;
				LD_RUNPATH_SEARCH_PATHS = (
					"$(inherited)",
					"@executable_path/Frameworks",
				);
				PRODUCT_BUNDLE_IDENTIFIER = ru.kilimondjaro.InFocusGame;
				PRODUCT_NAME = "$(TARGET_NAME)";
				SWIFT_VERSION = 4.0;
				TARGETED_DEVICE_FAMILY = "1,2";
			};
			name = Release;
		};
		26F8726220851AAC004A9CC0 /* Debug */ = {
			isa = XCBuildConfiguration;
			buildSettings = {
				ALWAYS_EMBED_SWIFT_STANDARD_LIBRARIES = YES;
				BUNDLE_LOADER = "$(TEST_HOST)";
				CODE_SIGN_STYLE = Automatic;
				DEVELOPMENT_TEAM = 95JJXJGL3U;
				INFOPLIST_FILE = InFocusGameTests/Info.plist;
				LD_RUNPATH_SEARCH_PATHS = (
					"$(inherited)",
					"@executable_path/Frameworks",
					"@loader_path/Frameworks",
				);
				PRODUCT_BUNDLE_IDENTIFIER = ru.kilimondjaro.InFocusGameTests;
				PRODUCT_NAME = "$(TARGET_NAME)";
				SWIFT_VERSION = 4.0;
				TARGETED_DEVICE_FAMILY = "1,2";
				TEST_HOST = "$(BUILT_PRODUCTS_DIR)/InFocusGame.app/InFocusGame";
			};
			name = Debug;
		};
		26F8726320851AAC004A9CC0 /* Release */ = {
			isa = XCBuildConfiguration;
			buildSettings = {
				ALWAYS_EMBED_SWIFT_STANDARD_LIBRARIES = YES;
				BUNDLE_LOADER = "$(TEST_HOST)";
				CODE_SIGN_STYLE = Automatic;
				DEVELOPMENT_TEAM = 95JJXJGL3U;
				INFOPLIST_FILE = InFocusGameTests/Info.plist;
				LD_RUNPATH_SEARCH_PATHS = (
					"$(inherited)",
					"@executable_path/Frameworks",
					"@loader_path/Frameworks",
				);
				PRODUCT_BUNDLE_IDENTIFIER = ru.kilimondjaro.InFocusGameTests;
				PRODUCT_NAME = "$(TARGET_NAME)";
				SWIFT_VERSION = 4.0;
				TARGETED_DEVICE_FAMILY = "1,2";
				TEST_HOST = "$(BUILT_PRODUCTS_DIR)/InFocusGame.app/InFocusGame";
			};
			name = Release;
		};
		26F8726520851AAC004A9CC0 /* Debug */ = {
			isa = XCBuildConfiguration;
			buildSettings = {
				ALWAYS_EMBED_SWIFT_STANDARD_LIBRARIES = YES;
				CODE_SIGN_STYLE = Automatic;
				DEVELOPMENT_TEAM = 95JJXJGL3U;
				INFOPLIST_FILE = InFocusGameUITests/Info.plist;
				LD_RUNPATH_SEARCH_PATHS = (
					"$(inherited)",
					"@executable_path/Frameworks",
					"@loader_path/Frameworks",
				);
				PRODUCT_BUNDLE_IDENTIFIER = ru.kilimondjaro.InFocusGameUITests;
				PRODUCT_NAME = "$(TARGET_NAME)";
				SWIFT_VERSION = 4.0;
				TARGETED_DEVICE_FAMILY = "1,2";
				TEST_TARGET_NAME = InFocusGame;
			};
			name = Debug;
		};
		26F8726620851AAC004A9CC0 /* Release */ = {
			isa = XCBuildConfiguration;
			buildSettings = {
				ALWAYS_EMBED_SWIFT_STANDARD_LIBRARIES = YES;
				CODE_SIGN_STYLE = Automatic;
				DEVELOPMENT_TEAM = 95JJXJGL3U;
				INFOPLIST_FILE = InFocusGameUITests/Info.plist;
				LD_RUNPATH_SEARCH_PATHS = (
					"$(inherited)",
					"@executable_path/Frameworks",
					"@loader_path/Frameworks",
				);
				PRODUCT_BUNDLE_IDENTIFIER = ru.kilimondjaro.InFocusGameUITests;
				PRODUCT_NAME = "$(TARGET_NAME)";
				SWIFT_VERSION = 4.0;
				TARGETED_DEVICE_FAMILY = "1,2";
				TEST_TARGET_NAME = InFocusGame;
			};
			name = Release;
		};
/* End XCBuildConfiguration section */

/* Begin XCConfigurationList section */
		26F8722E20851AAA004A9CC0 /* Build configuration list for PBXProject "InFocusGame" */ = {
			isa = XCConfigurationList;
			buildConfigurations = (
				26F8725C20851AAC004A9CC0 /* Debug */,
				26F8725D20851AAC004A9CC0 /* Release */,
			);
			defaultConfigurationIsVisible = 0;
			defaultConfigurationName = Release;
		};
		26F8725E20851AAC004A9CC0 /* Build configuration list for PBXNativeTarget "InFocusGame" */ = {
			isa = XCConfigurationList;
			buildConfigurations = (
				26F8725F20851AAC004A9CC0 /* Debug */,
				26F8726020851AAC004A9CC0 /* Release */,
			);
			defaultConfigurationIsVisible = 0;
			defaultConfigurationName = Release;
		};
		26F8726120851AAC004A9CC0 /* Build configuration list for PBXNativeTarget "InFocusGameTests" */ = {
			isa = XCConfigurationList;
			buildConfigurations = (
				26F8726220851AAC004A9CC0 /* Debug */,
				26F8726320851AAC004A9CC0 /* Release */,
			);
			defaultConfigurationIsVisible = 0;
			defaultConfigurationName = Release;
		};
		26F8726420851AAC004A9CC0 /* Build configuration list for PBXNativeTarget "InFocusGameUITests" */ = {
			isa = XCConfigurationList;
			buildConfigurations = (
				26F8726520851AAC004A9CC0 /* Debug */,
				26F8726620851AAC004A9CC0 /* Release */,
			);
			defaultConfigurationIsVisible = 0;
			defaultConfigurationName = Release;
		};
/* End XCConfigurationList section */

/* Begin XCVersionGroup section */
		26F8723D20851AAA004A9CC0 /* InFocusGame.xcdatamodeld */ = {
			isa = XCVersionGroup;
			children = (
				26F8723E20851AAA004A9CC0 /* InFocusGame.xcdatamodel */,
			);
			currentVersion = 26F8723E20851AAA004A9CC0 /* InFocusGame.xcdatamodel */;
			path = InFocusGame.xcdatamodeld;
			sourceTree = "<group>";
			versionGroupType = wrapper.xcdatamodel;
		};
/* End XCVersionGroup section */
	};
	rootObject = 26F8722B20851AAA004A9CC0 /* Project object */;
}
